// !$*UTF8*$!
{
	archiveVersion = 1;
	classes = {
	};
	objectVersion = 60;
	objects = {

/* Begin PBXBuildFile section */
		C2C5E8A68C5957E075832254 /* ImageColorExtractor.swift in Sources */ = {isa = PBXBuildFile; fileRef = 05365AD0D66B41D8C20EDF49 /* ImageColorExtractor.swift */; };
		C2C5E8A68C5957E075832255 /* ImageColorExtractor.swift in Sources */ = {isa = PBXBuildFile; fileRef = 05365AD0D66B41D8C20EDF49 /* ImageColorExtractor.swift */; };
		ECCE6BE2DD70F34BA69061B3 /* DesignSystem.swift in Sources */ = {isa = PBXBuildFile; fileRef = EC38F4ED01AE0D411DA0C66B /* DesignSystem.swift */; };
		0F66A6093327A5A5BD16B10F /* Foundation.framework in Frameworks */ = {isa = PBXBuildFile; fileRef = E7D977DE254FB1F216740BE6 /* Foundation.framework */; };
		125D8CEEBC201DD7B9C5BCE3 /* ShareExtensionView.swift in Sources */ = {isa = PBXBuildFile; fileRef = 358605C94F78CC23682FF911 /* ShareExtensionView.swift */; };
		1299E093C31E1C940DD2CAC4 /* ImageCropView.swift in Sources */ = {isa = PBXBuildFile; fileRef = EEC07D90615785B81C2E71C8 /* ImageCropView.swift */; };
		2AA2BDFC2D4CFE5BF3F85D4A /* DataMigration.swift in Sources */ = {isa = PBXBuildFile; fileRef = 1CF568E5CBBFA07B55373C73 /* DataMigration.swift */; };
		3650352634B47DCA879C45C1 /* ChangeDayIntent.swift in Sources */ = {isa = PBXBuildFile; fileRef = 4117777580B33705902FA67A /* ChangeDayIntent.swift */; };
		AB1001FF00112233AA000001 /* OpenAddEntryIntent.swift in Sources */ = {isa = PBXBuildFile; fileRef = AB1001FF00112233AA000002 /* OpenAddEntryIntent.swift */; };
		AB1001FF00112233AA000003 /* MangaControlWidget.swift in Sources */ = {isa = PBXBuildFile; fileRef = AB1001FF00112233AA000004 /* MangaControlWidget.swift */; };
		AB1001FF00112233AA000005 /* OpenAddEntryIntent.swift in Sources */ = {isa = PBXBuildFile; fileRef = AB1001FF00112233AA000002 /* OpenAddEntryIntent.swift */; };
		AB1001FF00112233AA000011 /* ControlIntents.swift in Sources */ = {isa = PBXBuildFile; fileRef = AB1001FF00112233AA000012 /* ControlIntents.swift */; };
		AB1001FF00112233AA000013 /* ControlIntents.swift in Sources */ = {isa = PBXBuildFile; fileRef = AB1001FF00112233AA000012 /* ControlIntents.swift */; };
		39725E0E00E8E4FE9F2A7FF2 /* UniformTypeIdentifiers.framework in Frameworks */ = {isa = PBXBuildFile; fileRef = BB770326E8D34706AF8B81EC /* UniformTypeIdentifiers.framework */; };
		3E27882FDDEB43FF0F253020 /* BackupData.swift in Sources */ = {isa = PBXBuildFile; fileRef = 3AFF912AECB7C6B219DD1600 /* BackupData.swift */; };
		4064491CAC92BFC4CAEA647C /* MangaWidget.swift in Sources */ = {isa = PBXBuildFile; fileRef = 7EFDC883F33BA3C119960C0B /* MangaWidget.swift */; };
		41369B8CB93B8617E31CAA59 /* MangaWidgetExtension.appex in Embed Foundation Extensions */ = {isa = PBXBuildFile; fileRef = 501DFBA332C24E2F563C81D7 /* MangaWidgetExtension.appex */; settings = {ATTRIBUTES = (RemoveHeadersOnCopy, ); }; };
		431F2DADE5A1315BB2611590 /* MangaEntry.swift in Sources */ = {isa = PBXBuildFile; fileRef = A2000002 /* MangaEntry.swift */; };
		44C9D49EEE5421D509FDEC7C /* SwiftUI.framework in Frameworks */ = {isa = PBXBuildFile; fileRef = 90F26F2E86530882A39954F6 /* SwiftUI.framework */; };
		4913D9B7564F39C42E8E5207 /* ShareViewController.swift in Sources */ = {isa = PBXBuildFile; fileRef = 39DE3D6D992FBD1015ED0769 /* ShareViewController.swift */; };
		4975296B405867976ADBBA9F /* SharedModelContainer.swift in Sources */ = {isa = PBXBuildFile; fileRef = 9C7FA9735199D021E15CEED8 /* SharedModelContainer.swift */; };
		63696DAFAE55A61EC72070CA /* MangaEntry.swift in Sources */ = {isa = PBXBuildFile; fileRef = A2000002 /* MangaEntry.swift */; };
		8EB2571B46FB5E9E702EAC1B /* MangaShareExtension.appex in Embed Foundation Extensions */ = {isa = PBXBuildFile; fileRef = 40221490621705DE4B77F085 /* MangaShareExtension.appex */; settings = {ATTRIBUTES = (RemoveHeadersOnCopy, ); }; };
		9DE770763D908488F176AF20 /* SwiftUI.framework in Frameworks */ = {isa = PBXBuildFile; fileRef = 68E247987CED890FF8E2D6A1 /* SwiftUI.framework */; };
		A1000001 /* MangaLauncherApp.swift in Sources */ = {isa = PBXBuildFile; fileRef = A2000001 /* MangaLauncherApp.swift */; };
		A1000002 /* MangaEntry.swift in Sources */ = {isa = PBXBuildFile; fileRef = A2000002 /* MangaEntry.swift */; };
		A1000003 /* MangaViewModel.swift in Sources */ = {isa = PBXBuildFile; fileRef = A2000003 /* MangaViewModel.swift */; };
		A1000004 /* ContentView.swift in Sources */ = {isa = PBXBuildFile; fileRef = A2000004 /* ContentView.swift */; };
		A1000005 /* EditEntryView.swift in Sources */ = {isa = PBXBuildFile; fileRef = A2000005 /* EditEntryView.swift */; };
		BB000002 /* SearchView.swift in Sources */ = {isa = PBXBuildFile; fileRef = BB000102 /* SearchView.swift */; };
		BB000003 /* RootTabView.swift in Sources */ = {isa = PBXBuildFile; fileRef = BB000103 /* RootTabView.swift */; };
		BB000004 /* LibraryView.swift in Sources */ = {isa = PBXBuildFile; fileRef = BB000104 /* LibraryView.swift */; };
		BB000005 /* LibraryCard.swift in Sources */ = {isa = PBXBuildFile; fileRef = BB000105 /* LibraryCard.swift */; };
		BB000007 /* MangaColor.swift in Sources */ = {isa = PBXBuildFile; fileRef = BB000107 /* MangaColor.swift */; };
		BB000008 /* ColorLabelSettingsView.swift in Sources */ = {isa = PBXBuildFile; fileRef = BB000108 /* ColorLabelSettingsView.swift */; };
		A1000006 /* Assets.xcassets in Resources */ = {isa = PBXBuildFile; fileRef = A2000006 /* Assets.xcassets */; };
		A1A8B2ACB18D6E541985F304 /* MasonryLayout.swift in Sources */ = {isa = PBXBuildFile; fileRef = 96C7D9E283FFCADD60181726 /* MasonryLayout.swift */; };
		AA000001 /* ReadingActivity.swift in Sources */ = {isa = PBXBuildFile; fileRef = AA000010 /* ReadingActivity.swift */; };
		AA000002 /* ReadingActivity.swift in Sources */ = {isa = PBXBuildFile; fileRef = AA000010 /* ReadingActivity.swift */; };
		AA000003 /* ReadingActivity.swift in Sources */ = {isa = PBXBuildFile; fileRef = AA000010 /* ReadingActivity.swift */; };
		BC000001 /* MangaComment.swift in Sources */ = {isa = PBXBuildFile; fileRef = BC000010 /* MangaComment.swift */; };
		BC000002 /* MangaComment.swift in Sources */ = {isa = PBXBuildFile; fileRef = BC000010 /* MangaComment.swift */; };
		BC000003 /* MangaComment.swift in Sources */ = {isa = PBXBuildFile; fileRef = BC000010 /* MangaComment.swift */; };
		BC000101 /* CommentListView.swift in Sources */ = {isa = PBXBuildFile; fileRef = BC000110 /* CommentListView.swift */; };
		BC000301 /* ActivityItem.swift in Sources */ = {isa = PBXBuildFile; fileRef = BC000310 /* ActivityItem.swift */; };
		AB2001FF00112233AA000001 /* TimelineItem.swift in Sources */ = {isa = PBXBuildFile; fileRef = AB2001FF00112233AA000002 /* TimelineItem.swift */; };
		AB2001FF00112233AA000003 /* TimelineView.swift in Sources */ = {isa = PBXBuildFile; fileRef = AB2001FF00112233AA000004 /* TimelineView.swift */; };
		AB2001FF00112233AA000005 /* TimelineRowView.swift in Sources */ = {isa = PBXBuildFile; fileRef = AB2001FF00112233AA000006 /* TimelineRowView.swift */; };
		AB2001FF00112233AA000008 /* WeekStripView.swift in Sources */ = {isa = PBXBuildFile; fileRef = AB2001FF00112233AA000009 /* WeekStripView.swift */; };
		AB2001FF00112233AA00000A /* ActivityCalendarView.swift in Sources */ = {isa = PBXBuildFile; fileRef = AB2001FF00112233AA00000B /* ActivityCalendarView.swift */; };
		AB2001FF00112233AA00000C /* TimelineChartView.swift in Sources */ = {isa = PBXBuildFile; fileRef = AB2001FF00112233AA00000D /* TimelineChartView.swift */; };
		AB3001FF00112233AA000001 /* ShortcutsSection.swift in Sources */ = {isa = PBXBuildFile; fileRef = AB3001FF00112233AA000002 /* ShortcutsSection.swift */; };
		AB3001FF00112233AA000003 /* NotificationSection.swift in Sources */ = {isa = PBXBuildFile; fileRef = AB3001FF00112233AA000004 /* NotificationSection.swift */; };
		AB3001FF00112233AA000005 /* LicenseListView.swift in Sources */ = {isa = PBXBuildFile; fileRef = AB3001FF00112233AA000006 /* LicenseListView.swift */; };
		BC000401 /* MangaStatusBadgeView.swift in Sources */ = {isa = PBXBuildFile; fileRef = BC000410 /* MangaStatusBadgeView.swift */; };
		BC000501 /* SectionHeaderView.swift in Sources */ = {isa = PBXBuildFile; fileRef = BC000510 /* SectionHeaderView.swift */; };
		BC000801 /* MangaDataChangeModifier.swift in Sources */ = {isa = PBXBuildFile; fileRef = BC000810 /* MangaDataChangeModifier.swift */; };
		BC000601 /* ActivityRowView.swift in Sources */ = {isa = PBXBuildFile; fileRef = BC000610 /* ActivityRowView.swift */; };
		BC000602 /* AllActivityView.swift in Sources */ = {isa = PBXBuildFile; fileRef = BC000620 /* AllActivityView.swift */; };
		BC000603 /* AllPublishersView.swift in Sources */ = {isa = PBXBuildFile; fileRef = BC000630 /* AllPublishersView.swift */; };
		BC000604 /* LibrarySection.swift in Sources */ = {isa = PBXBuildFile; fileRef = BC000640 /* LibrarySection.swift */; };
		BC000605 /* LibrarySectionBuilder.swift in Sources */ = {isa = PBXBuildFile; fileRef = BC000650 /* LibrarySectionBuilder.swift */; };
		BC000701 /* SearchResultRow.swift in Sources */ = {isa = PBXBuildFile; fileRef = BC000710 /* SearchResultRow.swift */; };
		BC000702 /* MemoMatchRow.swift in Sources */ = {isa = PBXBuildFile; fileRef = BC000720 /* MemoMatchRow.swift */; };
		BC000703 /* CommentMatchRow.swift in Sources */ = {isa = PBXBuildFile; fileRef = BC000730 /* CommentMatchRow.swift */; };
		BC000704 /* SearchSnippet.swift in Sources */ = {isa = PBXBuildFile; fileRef = BC000740 /* SearchSnippet.swift */; };
		AA000004 /* ReadingHeatmapView.swift in Sources */ = {isa = PBXBuildFile; fileRef = AA000011 /* ReadingHeatmapView.swift */; };
		B26E164ECFAC0FC6A4B39CC6 /* SharedModelContainer.swift in Sources */ = {isa = PBXBuildFile; fileRef = 9C7FA9735199D021E15CEED8 /* SharedModelContainer.swift */; };
		B31B9EA2FE243CD2D6209258 /* AddMangaIntent.swift in Sources */ = {isa = PBXBuildFile; fileRef = A55D3FF44BE586A52AAF2B43 /* AddMangaIntent.swift */; };
		D43D0695E7E3840F3142A594 /* SettingsView.swift in Sources */ = {isa = PBXBuildFile; fileRef = 0CDE508C489E5FAA3881A522 /* SettingsView.swift */; };
		E79C1EBA2299356887386C0C /* SharedModelContainer.swift in Sources */ = {isa = PBXBuildFile; fileRef = 9C7FA9735199D021E15CEED8 /* SharedModelContainer.swift */; };
		EB0EDF1F28050F1FBD0AC968 /* WidgetKit.framework in Frameworks */ = {isa = PBXBuildFile; fileRef = 23E67B082915C8518CC0A973 /* WidgetKit.framework */; };
		EC04B7CF2F70D9FE00AEE45F /* CatchUpView.swift in Sources */ = {isa = PBXBuildFile; fileRef = EC04B7CE2F70D9FE00AEE45F /* CatchUpView.swift */; };
		EC04B7D82F74202400AEE45F /* SafariView.swift in Sources */ = {isa = PBXBuildFile; fileRef = EC04B7D72F74202400AEE45F /* SafariView.swift */; };
		EC04B7DC2F75301D00AEE45F /* OnboardingView.swift in Sources */ = {isa = PBXBuildFile; fileRef = EC04B7DB2F75301D00AEE45F /* OnboardingView.swift */; };
		EC440D83EFDF1B4B6F95E82D /* ModelContextExtensions.swift in Sources */ = {isa = PBXBuildFile; fileRef = EC44DD5EE5561C4C4F99C248 /* ModelContextExtensions.swift */; };
		EC79B98AEA2FF142AA989EF0 /* AnimationTiming.swift in Sources */ = {isa = PBXBuildFile; fileRef = ECD61F7CE55EE24A44A02F14 /* AnimationTiming.swift */; };
		ECA66F7B2F6EAEE10096B6E5 /* Mantis in Frameworks */ = {isa = PBXBuildFile; productRef = ECA66F7A2F6EAEE10096B6E5 /* Mantis */; };
		ECCD2FCE2F65596900BF3309 /* PublisherPickerView.swift in Sources */ = {isa = PBXBuildFile; fileRef = ECCD2FCD2F65596900BF3309 /* PublisherPickerView.swift */; };
		ECFEA76D2F7B80DB00CE4DC0 /* WallpaperKit in Frameworks */ = {isa = PBXBuildFile; productRef = ECFEA76C2F7B80DB00CE4DC0 /* WallpaperKit */; };
		ECFEA7702F7B8A9A00CE4DC0 /* PlatformKit in Frameworks */ = {isa = PBXBuildFile; productRef = ECFEA76F2F7B8A9A00CE4DC0 /* PlatformKit */; };
		ECFEA7722F7B8AAF00CE4DC0 /* PlatformKit in Frameworks */ = {isa = PBXBuildFile; productRef = ECFEA7712F7B8AAF00CE4DC0 /* PlatformKit */; };
		ECFEA7742F7B8AB700CE4DC0 /* PlatformKit in Frameworks */ = {isa = PBXBuildFile; productRef = ECFEA7732F7B8AB700CE4DC0 /* PlatformKit */; };
		ECFEA7772F7B8B9500CE4DC0 /* OGPKit in Frameworks */ = {isa = PBXBuildFile; productRef = ECFEA7762F7B8B9500CE4DC0 /* OGPKit */; };
		ECFEA77A2F7B8BAE00CE4DC0 /* MangaExtractorKit in Frameworks */ = {isa = PBXBuildFile; productRef = ECFEA7792F7B8BAE00CE4DC0 /* MangaExtractorKit */; };
		ECFEA77C2F7B8BBD00CE4DC0 /* OGPKit in Frameworks */ = {isa = PBXBuildFile; productRef = ECFEA77B2F7B8BBD00CE4DC0 /* OGPKit */; };
		ECFEA77E2F7B8BC200CE4DC0 /* MangaExtractorKit in Frameworks */ = {isa = PBXBuildFile; productRef = ECFEA77D2F7B8BC200CE4DC0 /* MangaExtractorKit */; };
		ECFEA7812F7B8D0700CE4DC0 /* CloudSyncKit in Frameworks */ = {isa = PBXBuildFile; productRef = ECFEA7802F7B8D0700CE4DC0 /* CloudSyncKit */; };
		ECFEA7842F7B8D1B00CE4DC0 /* NotificationKit in Frameworks */ = {isa = PBXBuildFile; productRef = ECFEA7832F7B8D1B00CE4DC0 /* NotificationKit */; };
		ECFEA8212F7E8B9D00CE4DC0 /* UserDefaultsKeys.swift in Sources */ = {isa = PBXBuildFile; fileRef = ECFEA8202F7E8B9D00CE4DC0 /* UserDefaultsKeys.swift */; };
		ECFEA8222F7E8B9D00CE4DC0 /* UserDefaultsKeys.swift in Sources */ = {isa = PBXBuildFile; fileRef = ECFEA8202F7E8B9D00CE4DC0 /* UserDefaultsKeys.swift */; };
		ECFEA8232F7E8B9D00CE4DC0 /* UserDefaultsKeys.swift in Sources */ = {isa = PBXBuildFile; fileRef = ECFEA8202F7E8B9D00CE4DC0 /* UserDefaultsKeys.swift */; };
		ECFEA8262F7E918E00CE4DC0 /* DeleteToastView.swift in Sources */ = {isa = PBXBuildFile; fileRef = ECFEA8252F7E918E00CE4DC0 /* DeleteToastView.swift */; };
		ECFEA8282F7E919A00CE4DC0 /* MangaContextMenu.swift in Sources */ = {isa = PBXBuildFile; fileRef = ECFEA8272F7E919A00CE4DC0 /* MangaContextMenu.swift */; };
		ECFEA82A2F7E91A800CE4DC0 /* MangaGridCell.swift in Sources */ = {isa = PBXBuildFile; fileRef = ECFEA8292F7E91A800CE4DC0 /* MangaGridCell.swift */; };
		ECFEA82C2F7E91B500CE4DC0 /* MangaRowCell.swift in Sources */ = {isa = PBXBuildFile; fileRef = ECFEA82B2F7E91B500CE4DC0 /* MangaRowCell.swift */; };
		ECFEA82E2F7E91BD00CE4DC0 /* EntryIcon.swift in Sources */ = {isa = PBXBuildFile; fileRef = ECFEA82D2F7E91BD00CE4DC0 /* EntryIcon.swift */; };
		ECFEA8302F7E970700CE4DC0 /* ReadingStatsProvider.swift in Sources */ = {isa = PBXBuildFile; fileRef = ECFEA82F2F7E970700CE4DC0 /* ReadingStatsProvider.swift */; };
		ECFEA8482F7F6E5700CE4DC0 /* MangaURLOpener.swift in Sources */ = {isa = PBXBuildFile; fileRef = ECFEA8472F7F6E5700CE4DC0 /* MangaURLOpener.swift */; };
		ECFEA8492F7F6E5700CE4DC0 /* MangaURLOpener.swift in Sources */ = {isa = PBXBuildFile; fileRef = ECFEA8472F7F6E5700CE4DC0 /* MangaURLOpener.swift */; };
		ECFEA84A2F7F6E5700CE4DC0 /* MangaURLOpener.swift in Sources */ = {isa = PBXBuildFile; fileRef = ECFEA8472F7F6E5700CE4DC0 /* MangaURLOpener.swift */; };
		ECFEA84C2F7F741000CE4DC0 /* WallpaperBackgroundView.swift in Sources */ = {isa = PBXBuildFile; fileRef = ECFEA84B2F7F741000CE4DC0 /* WallpaperBackgroundView.swift */; };
		ECFEA8502F7F755F00CE4DC0 /* GridHelpers.swift in Sources */ = {isa = PBXBuildFile; fileRef = ECFEA84F2F7F755F00CE4DC0 /* GridHelpers.swift */; };
		ECFEA8522F7F756A00CE4DC0 /* FilterChip.swift in Sources */ = {isa = PBXBuildFile; fileRef = ECFEA8512F7F756A00CE4DC0 /* FilterChip.swift */; };
		ECFEA8542F7F78B400CE4DC0 /* DayPagerView.swift in Sources */ = {isa = PBXBuildFile; fileRef = ECFEA8532F7F78B400CE4DC0 /* DayPagerView.swift */; };
		ECFEA8562F7F7AA700CE4DC0 /* DayTabBarView.swift in Sources */ = {isa = PBXBuildFile; fileRef = ECFEA8552F7F7AA700CE4DC0 /* DayTabBarView.swift */; };
		ECFEA8582F7F7C3500CE4DC0 /* MangaListView.swift in Sources */ = {isa = PBXBuildFile; fileRef = ECFEA8572F7F7C3500CE4DC0 /* MangaListView.swift */; };
		ECFEA85A2F7F7C4500CE4DC0 /* EditModeButtons.swift in Sources */ = {isa = PBXBuildFile; fileRef = ECFEA8592F7F7C4500CE4DC0 /* EditModeButtons.swift */; };
		ECFEA85C2F7F7C5200CE4DC0 /* PublisherFilterView.swift in Sources */ = {isa = PBXBuildFile; fileRef = ECFEA85B2F7F7C5200CE4DC0 /* PublisherFilterView.swift */; };
		ECFEA85E2F7F7E0400CE4DC0 /* EmptyStateView.swift in Sources */ = {isa = PBXBuildFile; fileRef = ECFEA85D2F7F7E0400CE4DC0 /* EmptyStateView.swift */; };
		ECFEA8602F7F7E2000CE4DC0 /* DayPageView.swift in Sources */ = {isa = PBXBuildFile; fileRef = ECFEA85F2F7F7E2000CE4DC0 /* DayPageView.swift */; };
		ECFEA8622F7F7E3200CE4DC0 /* ContentToolbar.swift in Sources */ = {isa = PBXBuildFile; fileRef = ECFEA8612F7F7E3200CE4DC0 /* ContentToolbar.swift */; };
		ECFEA8642F7F829A00CE4DC0 /* HomeState.swift in Sources */ = {isa = PBXBuildFile; fileRef = ECFEA8632F7F829A00CE4DC0 /* HomeState.swift */; };
		ECFEA8722F7F8C3E00CE4DC0 /* CatchUpCardView.swift in Sources */ = {isa = PBXBuildFile; fileRef = ECFEA8712F7F8C3E00CE4DC0 /* CatchUpCardView.swift */; };
		ECFEA8742F7F8C3F00CE4DC0 /* CatchUpSwipeOverlay.swift in Sources */ = {isa = PBXBuildFile; fileRef = ECFEA8732F7F8C3F00CE4DC0 /* CatchUpSwipeOverlay.swift */; };
		ECFEA8762F7F8C4000CE4DC0 /* CatchUpCompletedView.swift in Sources */ = {isa = PBXBuildFile; fileRef = ECFEA8752F7F8C4000CE4DC0 /* CatchUpCompletedView.swift */; };
		ECFEA8782F7F8C4000CE4DC0 /* CatchUpTutorialOverlay.swift in Sources */ = {isa = PBXBuildFile; fileRef = ECFEA8772F7F8C4000CE4DC0 /* CatchUpTutorialOverlay.swift */; };
		ECFEA8932F7F93AF00CE4DC0 /* AnimationTiming.swift in Sources */ = {isa = PBXBuildFile; fileRef = ECD61F7CE55EE24A44A02F14 /* AnimationTiming.swift */; };
		ECFEA8942F7F93AF00CE4DC0 /* ModelContextExtensions.swift in Sources */ = {isa = PBXBuildFile; fileRef = EC44DD5EE5561C4C4F99C248 /* ModelContextExtensions.swift */; };
		ECFEA8952F7F93AF00CE4DC0 /* AnimationTiming.swift in Sources */ = {isa = PBXBuildFile; fileRef = ECD61F7CE55EE24A44A02F14 /* AnimationTiming.swift */; };
		ECFEA8962F7F93AF00CE4DC0 /* ModelContextExtensions.swift in Sources */ = {isa = PBXBuildFile; fileRef = EC44DD5EE5561C4C4F99C248 /* ModelContextExtensions.swift */; };
		ECFEA89E2F7F96D200CE4DC0 /* Localizable.xcstrings in Resources */ = {isa = PBXBuildFile; fileRef = ECFEA89D2F7F96D200CE4DC0 /* Localizable.xcstrings */; };
		F8659628D6F745CA942803EB /* Foundation.framework in Frameworks */ = {isa = PBXBuildFile; fileRef = E7D977DE254FB1F216740BE6 /* Foundation.framework */; };
/* End PBXBuildFile section */

/* Begin PBXContainerItemProxy section */
		30E74535BF36E4FABCA6FDF4 /* PBXContainerItemProxy */ = {
			isa = PBXContainerItemProxy;
			containerPortal = A9000001 /* Project object */;
			proxyType = 1;
			remoteGlobalIDString = 5FBC8C7A2666619916A9F0CE;
			remoteInfo = MangaWidgetExtension;
		};
		D87F2237BBD28B29C42758FB /* PBXContainerItemProxy */ = {
			isa = PBXContainerItemProxy;
			containerPortal = A9000001 /* Project object */;
			proxyType = 1;
			remoteGlobalIDString = 7FDCBA7706DE62E5394731BA;
			remoteInfo = MangaShareExtension;
		};
/* End PBXContainerItemProxy section */

/* Begin PBXCopyFilesBuildPhase section */
		6E69757BEDB8E982DA779A62 /* Embed Foundation Extensions */ = {
			isa = PBXCopyFilesBuildPhase;
			buildActionMask = 2147483647;
			dstPath = "";
			dstSubfolderSpec = 13;
			files = (
				41369B8CB93B8617E31CAA59 /* MangaWidgetExtension.appex in Embed Foundation Extensions */,
				8EB2571B46FB5E9E702EAC1B /* MangaShareExtension.appex in Embed Foundation Extensions */,
			);
			name = "Embed Foundation Extensions";
			runOnlyForDeploymentPostprocessing = 0;
		};
/* End PBXCopyFilesBuildPhase section */

/* Begin PBXFileReference section */
		EC38F4ED01AE0D411DA0C66B /* DesignSystem.swift */ = {isa = PBXFileReference; lastKnownFileType = sourcecode.swift; path = DesignSystem.swift; sourceTree = "<group>"; };
		05365AD0D66B41D8C20EDF49 /* ImageColorExtractor.swift */ = {isa = PBXFileReference; lastKnownFileType = sourcecode.swift; path = ImageColorExtractor.swift; sourceTree = "<group>"; };
		0557E9481117CB9F8B903947 /* Info.plist */ = {isa = PBXFileReference; includeInIndex = 1; lastKnownFileType = text.plist.xml; path = Info.plist; sourceTree = "<group>"; };
		0CDE508C489E5FAA3881A522 /* SettingsView.swift */ = {isa = PBXFileReference; includeInIndex = 1; lastKnownFileType = sourcecode.swift; path = SettingsView.swift; sourceTree = "<group>"; };
		1CF568E5CBBFA07B55373C73 /* DataMigration.swift */ = {isa = PBXFileReference; includeInIndex = 1; lastKnownFileType = sourcecode.swift; path = DataMigration.swift; sourceTree = "<group>"; };
		23E67B082915C8518CC0A973 /* WidgetKit.framework */ = {isa = PBXFileReference; lastKnownFileType = wrapper.framework; name = WidgetKit.framework; path = System/Library/Frameworks/WidgetKit.framework; sourceTree = SDKROOT; };
		358605C94F78CC23682FF911 /* ShareExtensionView.swift */ = {isa = PBXFileReference; includeInIndex = 1; lastKnownFileType = sourcecode.swift; path = ShareExtensionView.swift; sourceTree = "<group>"; };
		39DE3D6D992FBD1015ED0769 /* ShareViewController.swift */ = {isa = PBXFileReference; includeInIndex = 1; lastKnownFileType = sourcecode.swift; path = ShareViewController.swift; sourceTree = "<group>"; };
		3AFF912AECB7C6B219DD1600 /* BackupData.swift */ = {isa = PBXFileReference; includeInIndex = 1; lastKnownFileType = sourcecode.swift; path = BackupData.swift; sourceTree = "<group>"; };
		40221490621705DE4B77F085 /* MangaShareExtension.appex */ = {isa = PBXFileReference; explicitFileType = "wrapper.app-extension"; includeInIndex = 0; path = MangaShareExtension.appex; sourceTree = BUILT_PRODUCTS_DIR; };
		4117777580B33705902FA67A /* ChangeDayIntent.swift */ = {isa = PBXFileReference; includeInIndex = 1; lastKnownFileType = sourcecode.swift; path = ChangeDayIntent.swift; sourceTree = "<group>"; };
		AB1001FF00112233AA000002 /* OpenAddEntryIntent.swift */ = {isa = PBXFileReference; includeInIndex = 1; lastKnownFileType = sourcecode.swift; path = OpenAddEntryIntent.swift; sourceTree = "<group>"; };
		AB1001FF00112233AA000004 /* MangaControlWidget.swift */ = {isa = PBXFileReference; includeInIndex = 1; lastKnownFileType = sourcecode.swift; path = MangaControlWidget.swift; sourceTree = "<group>"; };
		AB1001FF00112233AA000012 /* ControlIntents.swift */ = {isa = PBXFileReference; includeInIndex = 1; lastKnownFileType = sourcecode.swift; path = ControlIntents.swift; sourceTree = "<group>"; };
		501DFBA332C24E2F563C81D7 /* MangaWidgetExtension.appex */ = {isa = PBXFileReference; explicitFileType = "wrapper.app-extension"; includeInIndex = 0; path = MangaWidgetExtension.appex; sourceTree = BUILT_PRODUCTS_DIR; };
		68E247987CED890FF8E2D6A1 /* SwiftUI.framework */ = {isa = PBXFileReference; lastKnownFileType = wrapper.framework; name = SwiftUI.framework; path = System/Library/Frameworks/SwiftUI.framework; sourceTree = SDKROOT; };
		7EFDC883F33BA3C119960C0B /* MangaWidget.swift */ = {isa = PBXFileReference; includeInIndex = 1; lastKnownFileType = sourcecode.swift; path = MangaWidget.swift; sourceTree = "<group>"; };
		90F26F2E86530882A39954F6 /* SwiftUI.framework */ = {isa = PBXFileReference; lastKnownFileType = wrapper.framework; name = SwiftUI.framework; path = System/Library/Frameworks/SwiftUI.framework; sourceTree = SDKROOT; };
		96C7D9E283FFCADD60181726 /* MasonryLayout.swift */ = {isa = PBXFileReference; includeInIndex = 1; lastKnownFileType = sourcecode.swift; path = MasonryLayout.swift; sourceTree = "<group>"; };
		9C7FA9735199D021E15CEED8 /* SharedModelContainer.swift */ = {isa = PBXFileReference; includeInIndex = 1; lastKnownFileType = sourcecode.swift; path = SharedModelContainer.swift; sourceTree = "<group>"; };
		9E18CC353D62E01CB4A12BC8 /* Info.plist */ = {isa = PBXFileReference; includeInIndex = 1; lastKnownFileType = text.plist.xml; path = Info.plist; sourceTree = "<group>"; };
		A2000001 /* MangaLauncherApp.swift */ = {isa = PBXFileReference; lastKnownFileType = sourcecode.swift; path = MangaLauncherApp.swift; sourceTree = "<group>"; };
		A2000002 /* MangaEntry.swift */ = {isa = PBXFileReference; lastKnownFileType = sourcecode.swift; path = MangaEntry.swift; sourceTree = "<group>"; };
		A2000003 /* MangaViewModel.swift */ = {isa = PBXFileReference; lastKnownFileType = sourcecode.swift; path = MangaViewModel.swift; sourceTree = "<group>"; };
		A2000004 /* ContentView.swift */ = {isa = PBXFileReference; lastKnownFileType = sourcecode.swift; path = ContentView.swift; sourceTree = "<group>"; };
		A2000005 /* EditEntryView.swift */ = {isa = PBXFileReference; lastKnownFileType = sourcecode.swift; path = EditEntryView.swift; sourceTree = "<group>"; };
		BB000102 /* SearchView.swift */ = {isa = PBXFileReference; lastKnownFileType = sourcecode.swift; path = SearchView.swift; sourceTree = "<group>"; };
		BB000103 /* RootTabView.swift */ = {isa = PBXFileReference; lastKnownFileType = sourcecode.swift; path = RootTabView.swift; sourceTree = "<group>"; };
		BB000104 /* LibraryView.swift */ = {isa = PBXFileReference; lastKnownFileType = sourcecode.swift; path = LibraryView.swift; sourceTree = "<group>"; };
		BB000105 /* LibraryCard.swift */ = {isa = PBXFileReference; lastKnownFileType = sourcecode.swift; path = LibraryCard.swift; sourceTree = "<group>"; };
		BB000107 /* MangaColor.swift */ = {isa = PBXFileReference; lastKnownFileType = sourcecode.swift; path = MangaColor.swift; sourceTree = "<group>"; };
		BB000108 /* ColorLabelSettingsView.swift */ = {isa = PBXFileReference; lastKnownFileType = sourcecode.swift; path = ColorLabelSettingsView.swift; sourceTree = "<group>"; };
		A2000006 /* Assets.xcassets */ = {isa = PBXFileReference; lastKnownFileType = folder.assetcatalog; path = Assets.xcassets; sourceTree = "<group>"; };
		A3000001 /* MangaLauncher.app */ = {isa = PBXFileReference; explicitFileType = wrapper.application; includeInIndex = 0; path = MangaLauncher.app; sourceTree = BUILT_PRODUCTS_DIR; };
		A55D3FF44BE586A52AAF2B43 /* AddMangaIntent.swift */ = {isa = PBXFileReference; includeInIndex = 1; lastKnownFileType = sourcecode.swift; path = AddMangaIntent.swift; sourceTree = "<group>"; };
		A576F9BEFBD3B37AA9275FAB /* MangaWidget.entitlements */ = {isa = PBXFileReference; includeInIndex = 1; lastKnownFileType = text.plist.entitlements; path = MangaWidget.entitlements; sourceTree = "<group>"; };
		AA000010 /* ReadingActivity.swift */ = {isa = PBXFileReference; lastKnownFileType = sourcecode.swift; path = ReadingActivity.swift; sourceTree = "<group>"; };
		BC000010 /* MangaComment.swift */ = {isa = PBXFileReference; lastKnownFileType = sourcecode.swift; path = MangaComment.swift; sourceTree = "<group>"; };
		BC000110 /* CommentListView.swift */ = {isa = PBXFileReference; lastKnownFileType = sourcecode.swift; path = CommentListView.swift; sourceTree = "<group>"; };
		BC000310 /* ActivityItem.swift */ = {isa = PBXFileReference; lastKnownFileType = sourcecode.swift; path = ActivityItem.swift; sourceTree = "<group>"; };
		AB2001FF00112233AA000002 /* TimelineItem.swift */ = {isa = PBXFileReference; lastKnownFileType = sourcecode.swift; path = TimelineItem.swift; sourceTree = "<group>"; };
		AB2001FF00112233AA000004 /* TimelineView.swift */ = {isa = PBXFileReference; lastKnownFileType = sourcecode.swift; path = TimelineView.swift; sourceTree = "<group>"; };
		AB2001FF00112233AA000006 /* TimelineRowView.swift */ = {isa = PBXFileReference; lastKnownFileType = sourcecode.swift; path = TimelineRowView.swift; sourceTree = "<group>"; };
		AB2001FF00112233AA000009 /* WeekStripView.swift */ = {isa = PBXFileReference; lastKnownFileType = sourcecode.swift; path = WeekStripView.swift; sourceTree = "<group>"; };
		AB2001FF00112233AA00000B /* ActivityCalendarView.swift */ = {isa = PBXFileReference; lastKnownFileType = sourcecode.swift; path = ActivityCalendarView.swift; sourceTree = "<group>"; };
		AB2001FF00112233AA00000D /* TimelineChartView.swift */ = {isa = PBXFileReference; lastKnownFileType = sourcecode.swift; path = TimelineChartView.swift; sourceTree = "<group>"; };
		AB3001FF00112233AA000002 /* ShortcutsSection.swift */ = {isa = PBXFileReference; lastKnownFileType = sourcecode.swift; path = ShortcutsSection.swift; sourceTree = "<group>"; };
		AB3001FF00112233AA000004 /* NotificationSection.swift */ = {isa = PBXFileReference; lastKnownFileType = sourcecode.swift; path = NotificationSection.swift; sourceTree = "<group>"; };
		AB3001FF00112233AA000006 /* LicenseListView.swift */ = {isa = PBXFileReference; lastKnownFileType = sourcecode.swift; path = LicenseListView.swift; sourceTree = "<group>"; };
		BC000410 /* MangaStatusBadgeView.swift */ = {isa = PBXFileReference; lastKnownFileType = sourcecode.swift; path = MangaStatusBadgeView.swift; sourceTree = "<group>"; };
		BC000510 /* SectionHeaderView.swift */ = {isa = PBXFileReference; lastKnownFileType = sourcecode.swift; path = SectionHeaderView.swift; sourceTree = "<group>"; };
		BC000810 /* MangaDataChangeModifier.swift */ = {isa = PBXFileReference; lastKnownFileType = sourcecode.swift; path = MangaDataChangeModifier.swift; sourceTree = "<group>"; };
		BC000610 /* ActivityRowView.swift */ = {isa = PBXFileReference; lastKnownFileType = sourcecode.swift; path = ActivityRowView.swift; sourceTree = "<group>"; };
		BC000620 /* AllActivityView.swift */ = {isa = PBXFileReference; lastKnownFileType = sourcecode.swift; path = AllActivityView.swift; sourceTree = "<group>"; };
		BC000630 /* AllPublishersView.swift */ = {isa = PBXFileReference; lastKnownFileType = sourcecode.swift; path = AllPublishersView.swift; sourceTree = "<group>"; };
		BC000640 /* LibrarySection.swift */ = {isa = PBXFileReference; lastKnownFileType = sourcecode.swift; path = LibrarySection.swift; sourceTree = "<group>"; };
		BC000650 /* LibrarySectionBuilder.swift */ = {isa = PBXFileReference; lastKnownFileType = sourcecode.swift; path = LibrarySectionBuilder.swift; sourceTree = "<group>"; };
		BC000710 /* SearchResultRow.swift */ = {isa = PBXFileReference; lastKnownFileType = sourcecode.swift; path = SearchResultRow.swift; sourceTree = "<group>"; };
		BC000720 /* MemoMatchRow.swift */ = {isa = PBXFileReference; lastKnownFileType = sourcecode.swift; path = MemoMatchRow.swift; sourceTree = "<group>"; };
		BC000730 /* CommentMatchRow.swift */ = {isa = PBXFileReference; lastKnownFileType = sourcecode.swift; path = CommentMatchRow.swift; sourceTree = "<group>"; };
		BC000740 /* SearchSnippet.swift */ = {isa = PBXFileReference; lastKnownFileType = sourcecode.swift; path = SearchSnippet.swift; sourceTree = "<group>"; };
		AA000011 /* ReadingHeatmapView.swift */ = {isa = PBXFileReference; lastKnownFileType = sourcecode.swift; path = ReadingHeatmapView.swift; sourceTree = "<group>"; };
		BB770326E8D34706AF8B81EC /* UniformTypeIdentifiers.framework */ = {isa = PBXFileReference; lastKnownFileType = wrapper.framework; name = UniformTypeIdentifiers.framework; path = System/Library/Frameworks/UniformTypeIdentifiers.framework; sourceTree = SDKROOT; };
		BC0276ADB2A6EFEC185148CA /* Info.plist */ = {isa = PBXFileReference; includeInIndex = 1; lastKnownFileType = text.plist.xml; path = Info.plist; sourceTree = "<group>"; };
		D899D5F8F3BA6AC39B41C8B4 /* MangaShareExtension.entitlements */ = {isa = PBXFileReference; includeInIndex = 1; lastKnownFileType = text.plist.entitlements; path = MangaShareExtension.entitlements; sourceTree = "<group>"; };
		E7D977DE254FB1F216740BE6 /* Foundation.framework */ = {isa = PBXFileReference; lastKnownFileType = wrapper.framework; name = Foundation.framework; path = Platforms/iPhoneOS.platform/Developer/SDKs/iPhoneOS14.0.sdk/System/Library/Frameworks/Foundation.framework; sourceTree = DEVELOPER_DIR; };
		EC04B7CE2F70D9FE00AEE45F /* CatchUpView.swift */ = {isa = PBXFileReference; lastKnownFileType = sourcecode.swift; path = CatchUpView.swift; sourceTree = "<group>"; };
		EC04B7D72F74202400AEE45F /* SafariView.swift */ = {isa = PBXFileReference; lastKnownFileType = sourcecode.swift; path = SafariView.swift; sourceTree = "<group>"; };
		EC04B7DB2F75301D00AEE45F /* OnboardingView.swift */ = {isa = PBXFileReference; lastKnownFileType = sourcecode.swift; path = OnboardingView.swift; sourceTree = "<group>"; };
		EC04B7E52F78E26600AEE45F /* MangaLauncherAdhoc.entitlements */ = {isa = PBXFileReference; lastKnownFileType = text.plist.entitlements; path = MangaLauncherAdhoc.entitlements; sourceTree = "<group>"; };
		EC04B7E62F78E50F00AEE45F /* MangaWidgetAdhoc.entitlements */ = {isa = PBXFileReference; lastKnownFileType = text.plist.entitlements; path = MangaWidgetAdhoc.entitlements; sourceTree = "<group>"; };
		EC04B7E72F78E55300AEE45F /* MangaShareExtensionAdhoc.entitlements */ = {isa = PBXFileReference; lastKnownFileType = text.plist.entitlements; path = MangaShareExtensionAdhoc.entitlements; sourceTree = "<group>"; };
		EC44DD5EE5561C4C4F99C248 /* ModelContextExtensions.swift */ = {isa = PBXFileReference; lastKnownFileType = sourcecode.swift; path = ModelContextExtensions.swift; sourceTree = "<group>"; };
		ECCD2FCD2F65596900BF3309 /* PublisherPickerView.swift */ = {isa = PBXFileReference; lastKnownFileType = sourcecode.swift; path = PublisherPickerView.swift; sourceTree = "<group>"; };
		ECD61F7CE55EE24A44A02F14 /* AnimationTiming.swift */ = {isa = PBXFileReference; lastKnownFileType = sourcecode.swift; path = AnimationTiming.swift; sourceTree = "<group>"; };
		ECFEA8202F7E8B9D00CE4DC0 /* UserDefaultsKeys.swift */ = {isa = PBXFileReference; lastKnownFileType = sourcecode.swift; path = UserDefaultsKeys.swift; sourceTree = "<group>"; };
		ECFEA8252F7E918E00CE4DC0 /* DeleteToastView.swift */ = {isa = PBXFileReference; lastKnownFileType = sourcecode.swift; path = DeleteToastView.swift; sourceTree = "<group>"; };
		ECFEA8272F7E919A00CE4DC0 /* MangaContextMenu.swift */ = {isa = PBXFileReference; lastKnownFileType = sourcecode.swift; path = MangaContextMenu.swift; sourceTree = "<group>"; };
		ECFEA8292F7E91A800CE4DC0 /* MangaGridCell.swift */ = {isa = PBXFileReference; lastKnownFileType = sourcecode.swift; path = MangaGridCell.swift; sourceTree = "<group>"; };
		ECFEA82B2F7E91B500CE4DC0 /* MangaRowCell.swift */ = {isa = PBXFileReference; lastKnownFileType = sourcecode.swift; path = MangaRowCell.swift; sourceTree = "<group>"; };
		ECFEA82D2F7E91BD00CE4DC0 /* EntryIcon.swift */ = {isa = PBXFileReference; lastKnownFileType = sourcecode.swift; path = EntryIcon.swift; sourceTree = "<group>"; };
		ECFEA82F2F7E970700CE4DC0 /* ReadingStatsProvider.swift */ = {isa = PBXFileReference; lastKnownFileType = sourcecode.swift; path = ReadingStatsProvider.swift; sourceTree = "<group>"; };
		ECFEA8472F7F6E5700CE4DC0 /* MangaURLOpener.swift */ = {isa = PBXFileReference; lastKnownFileType = sourcecode.swift; path = MangaURLOpener.swift; sourceTree = "<group>"; };
		ECFEA84B2F7F741000CE4DC0 /* WallpaperBackgroundView.swift */ = {isa = PBXFileReference; lastKnownFileType = sourcecode.swift; path = WallpaperBackgroundView.swift; sourceTree = "<group>"; };
		ECFEA84F2F7F755F00CE4DC0 /* GridHelpers.swift */ = {isa = PBXFileReference; lastKnownFileType = sourcecode.swift; path = GridHelpers.swift; sourceTree = "<group>"; };
		ECFEA8512F7F756A00CE4DC0 /* FilterChip.swift */ = {isa = PBXFileReference; lastKnownFileType = sourcecode.swift; path = FilterChip.swift; sourceTree = "<group>"; };
		ECFEA8532F7F78B400CE4DC0 /* DayPagerView.swift */ = {isa = PBXFileReference; lastKnownFileType = sourcecode.swift; path = DayPagerView.swift; sourceTree = "<group>"; };
		ECFEA8552F7F7AA700CE4DC0 /* DayTabBarView.swift */ = {isa = PBXFileReference; lastKnownFileType = sourcecode.swift; path = DayTabBarView.swift; sourceTree = "<group>"; };
		ECFEA8572F7F7C3500CE4DC0 /* MangaListView.swift */ = {isa = PBXFileReference; lastKnownFileType = sourcecode.swift; path = MangaListView.swift; sourceTree = "<group>"; };
		ECFEA8592F7F7C4500CE4DC0 /* EditModeButtons.swift */ = {isa = PBXFileReference; lastKnownFileType = sourcecode.swift; path = EditModeButtons.swift; sourceTree = "<group>"; };
		ECFEA85B2F7F7C5200CE4DC0 /* PublisherFilterView.swift */ = {isa = PBXFileReference; lastKnownFileType = sourcecode.swift; path = PublisherFilterView.swift; sourceTree = "<group>"; };
		ECFEA85D2F7F7E0400CE4DC0 /* EmptyStateView.swift */ = {isa = PBXFileReference; lastKnownFileType = sourcecode.swift; path = EmptyStateView.swift; sourceTree = "<group>"; };
		ECFEA85F2F7F7E2000CE4DC0 /* DayPageView.swift */ = {isa = PBXFileReference; lastKnownFileType = sourcecode.swift; path = DayPageView.swift; sourceTree = "<group>"; };
		ECFEA8612F7F7E3200CE4DC0 /* ContentToolbar.swift */ = {isa = PBXFileReference; lastKnownFileType = sourcecode.swift; path = ContentToolbar.swift; sourceTree = "<group>"; };
		ECFEA8632F7F829A00CE4DC0 /* HomeState.swift */ = {isa = PBXFileReference; lastKnownFileType = sourcecode.swift; path = HomeState.swift; sourceTree = "<group>"; };
		ECFEA8712F7F8C3E00CE4DC0 /* CatchUpCardView.swift */ = {isa = PBXFileReference; lastKnownFileType = sourcecode.swift; path = CatchUpCardView.swift; sourceTree = "<group>"; };
		ECFEA8732F7F8C3F00CE4DC0 /* CatchUpSwipeOverlay.swift */ = {isa = PBXFileReference; lastKnownFileType = sourcecode.swift; path = CatchUpSwipeOverlay.swift; sourceTree = "<group>"; };
		ECFEA8752F7F8C4000CE4DC0 /* CatchUpCompletedView.swift */ = {isa = PBXFileReference; lastKnownFileType = sourcecode.swift; path = CatchUpCompletedView.swift; sourceTree = "<group>"; };
		ECFEA8772F7F8C4000CE4DC0 /* CatchUpTutorialOverlay.swift */ = {isa = PBXFileReference; lastKnownFileType = sourcecode.swift; path = CatchUpTutorialOverlay.swift; sourceTree = "<group>"; };
		ECFEA8972F7F941700CE4DC0 /* MangaWidgetDebug.entitlements */ = {isa = PBXFileReference; lastKnownFileType = text.plist.entitlements; path = MangaWidgetDebug.entitlements; sourceTree = "<group>"; };
		ECFEA8982F7F943700CE4DC0 /* MangaShareExtensionDebug.entitlements */ = {isa = PBXFileReference; lastKnownFileType = text.plist.entitlements; path = MangaShareExtensionDebug.entitlements; sourceTree = "<group>"; };
		ECFEA89D2F7F96D200CE4DC0 /* Localizable.xcstrings */ = {isa = PBXFileReference; lastKnownFileType = text.json.xcstrings; path = Localizable.xcstrings; sourceTree = "<group>"; };
		EEC07D90615785B81C2E71C8 /* ImageCropView.swift */ = {isa = PBXFileReference; includeInIndex = 1; lastKnownFileType = sourcecode.swift; path = ImageCropView.swift; sourceTree = "<group>"; };
		EEEF347AB79EE547A4014C35 /* MangaLauncher.entitlements */ = {isa = PBXFileReference; includeInIndex = 1; lastKnownFileType = text.plist.entitlements; path = MangaLauncher.entitlements; sourceTree = "<group>"; };
		F75AA6830F31ABE5BD81DE01 /* MangaLauncherDebug.entitlements */ = {isa = PBXFileReference; includeInIndex = 1; lastKnownFileType = text.plist.entitlements; path = MangaLauncherDebug.entitlements; sourceTree = "<group>"; };
/* End PBXFileReference section */

/* Begin PBXFrameworksBuildPhase section */
		3AF42F008FE9B752BFF76FD4 /* Frameworks */ = {
			isa = PBXFrameworksBuildPhase;
			buildActionMask = 2147483647;
			files = (
				ECFEA77C2F7B8BBD00CE4DC0 /* OGPKit in Frameworks */,
				ECFEA7742F7B8AB700CE4DC0 /* PlatformKit in Frameworks */,
				0F66A6093327A5A5BD16B10F /* Foundation.framework in Frameworks */,
				9DE770763D908488F176AF20 /* SwiftUI.framework in Frameworks */,
				39725E0E00E8E4FE9F2A7FF2 /* UniformTypeIdentifiers.framework in Frameworks */,
				ECFEA77E2F7B8BC200CE4DC0 /* MangaExtractorKit in Frameworks */,
			);
			runOnlyForDeploymentPostprocessing = 0;
		};
		4212DA020FAB28D526A71DF8 /* Frameworks */ = {
			isa = PBXFrameworksBuildPhase;
			buildActionMask = 2147483647;
			files = (
				ECFEA7722F7B8AAF00CE4DC0 /* PlatformKit in Frameworks */,
				F8659628D6F745CA942803EB /* Foundation.framework in Frameworks */,
				EB0EDF1F28050F1FBD0AC968 /* WidgetKit.framework in Frameworks */,
				44C9D49EEE5421D509FDEC7C /* SwiftUI.framework in Frameworks */,
			);
			runOnlyForDeploymentPostprocessing = 0;
		};
		A4000001 /* Frameworks */ = {
			isa = PBXFrameworksBuildPhase;
			buildActionMask = 2147483647;
			files = (
				ECFEA7772F7B8B9500CE4DC0 /* OGPKit in Frameworks */,
				ECFEA76D2F7B80DB00CE4DC0 /* WallpaperKit in Frameworks */,
				ECFEA7702F7B8A9A00CE4DC0 /* PlatformKit in Frameworks */,
				ECFEA77A2F7B8BAE00CE4DC0 /* MangaExtractorKit in Frameworks */,
				ECFEA7812F7B8D0700CE4DC0 /* CloudSyncKit in Frameworks */,
				ECFEA7842F7B8D1B00CE4DC0 /* NotificationKit in Frameworks */,
				ECA66F7B2F6EAEE10096B6E5 /* Mantis in Frameworks */,
			);
			runOnlyForDeploymentPostprocessing = 0;
		};
/* End PBXFrameworksBuildPhase section */

/* Begin PBXGroup section */
		1464396C7EC8424773F56425 /* Frameworks */ = {
			isa = PBXGroup;
			children = (
				652221CD7BC2565EAF1244CD /* iOS */,
				23E67B082915C8518CC0A973 /* WidgetKit.framework */,
				90F26F2E86530882A39954F6 /* SwiftUI.framework */,
				68E247987CED890FF8E2D6A1 /* SwiftUI.framework */,
				BB770326E8D34706AF8B81EC /* UniformTypeIdentifiers.framework */,
			);
			name = Frameworks;
			sourceTree = "<group>";
		};
		652221CD7BC2565EAF1244CD /* iOS */ = {
			isa = PBXGroup;
			children = (
				E7D977DE254FB1F216740BE6 /* Foundation.framework */,
			);
			name = iOS;
			sourceTree = "<group>";
		};
		7FA21533E6120DC94ACA4402 /* MangaShareExtension */ = {
			isa = PBXGroup;
			children = (
				39DE3D6D992FBD1015ED0769 /* ShareViewController.swift */,
				358605C94F78CC23682FF911 /* ShareExtensionView.swift */,
				0557E9481117CB9F8B903947 /* Info.plist */,
				D899D5F8F3BA6AC39B41C8B4 /* MangaShareExtension.entitlements */,
				ECFEA8982F7F943700CE4DC0 /* MangaShareExtensionDebug.entitlements */,
				EC04B7E72F78E55300AEE45F /* MangaShareExtensionAdhoc.entitlements */,
			);
			path = MangaShareExtension;
			sourceTree = "<group>";
		};
		873452A3D59E456024C0BC36 /* Intents */ = {
			isa = PBXGroup;
			children = (
				A55D3FF44BE586A52AAF2B43 /* AddMangaIntent.swift */,
				AB1001FF00112233AA000012 /* ControlIntents.swift */,
			);
			path = Intents;
			sourceTree = "<group>";
		};
		A5000001 = {
			isa = PBXGroup;
			children = (
				A5000002 /* MangaLauncher */,
				A5000006 /* Products */,
				1464396C7EC8424773F56425 /* Frameworks */,
				DF3BB51D5AD6175056B7293C /* MangaWidget */,
				7FA21533E6120DC94ACA4402 /* MangaShareExtension */,
			);
			sourceTree = "<group>";
		};
		A5000002 /* MangaLauncher */ = {
			isa = PBXGroup;
			children = (
				A2000001 /* MangaLauncherApp.swift */,
				A5000003 /* Models */,
				A5000004 /* Views */,
				A5000005 /* ViewModels */,
				A2000006 /* Assets.xcassets */,
				F40871AEA45509078C83A570 /* Shared */,
				EEEF347AB79EE547A4014C35 /* MangaLauncher.entitlements */,
				F75AA6830F31ABE5BD81DE01 /* MangaLauncherDebug.entitlements */,
				EC04B7E52F78E26600AEE45F /* MangaLauncherAdhoc.entitlements */,
				9E18CC353D62E01CB4A12BC8 /* Info.plist */,
				873452A3D59E456024C0BC36 /* Intents */,
				ECFEA89D2F7F96D200CE4DC0 /* Localizable.xcstrings */,
			);
			path = MangaLauncher;
			sourceTree = "<group>";
		};
		A5000003 /* Models */ = {
			isa = PBXGroup;
			children = (
				A2000002 /* MangaEntry.swift */,
				3AFF912AECB7C6B219DD1600 /* BackupData.swift */,
				AA000010 /* ReadingActivity.swift */,
				BC000010 /* MangaComment.swift */,
				BC000310 /* ActivityItem.swift */,
				AB2001FF00112233AA000002 /* TimelineItem.swift */,
			);
			path = Models;
			sourceTree = "<group>";
		};
		A5000004 /* Views */ = {
			isa = PBXGroup;
			children = (
				BB000203 /* Library */,
				BB000202 /* Search */,
				BC000200 /* Comment */,
				BB000103 /* RootTabView.swift */,
				ECFEA8702F7F87FE00CE4DC0 /* Common */,
				ECFEA86F2F7F87F600CE4DC0 /* Heatmap */,
				ECFEA86E2F7F87EF00CE4DC0 /* Settings */,
				ECFEA86B2F7F87DD00CE4DC0 /* Entry */,
				ECFEA86A2F7F87D000CE4DC0 /* CatchUp */,
				ECFEA8672F7F87A700CE4DC0 /* Home */,
				ECFEA8662F7F877400CE4DC0 /* MangaCell */,
			);
			path = Views;
			sourceTree = "<group>";
		};
		BC000200 /* Comment */ = {
			isa = PBXGroup;
			children = (
				BC000110 /* CommentListView.swift */,
			);
			path = Comment;
			sourceTree = "<group>";
		};
		BB000202 /* Search */ = {
			isa = PBXGroup;
			children = (
				BB000102 /* SearchView.swift */,
				BC000710 /* SearchResultRow.swift */,
				BC000720 /* MemoMatchRow.swift */,
				BC000730 /* CommentMatchRow.swift */,
				BC000740 /* SearchSnippet.swift */,
			);
			path = Search;
			sourceTree = "<group>";
		};
		BB000203 /* Library */ = {
			isa = PBXGroup;
			children = (
				BB000104 /* LibraryView.swift */,
				BB000105 /* LibraryCard.swift */,
				BC000610 /* ActivityRowView.swift */,
				BC000620 /* AllActivityView.swift */,
				BC000630 /* AllPublishersView.swift */,
				BC000640 /* LibrarySection.swift */,
				BC000650 /* LibrarySectionBuilder.swift */,
				AB2001FF00112233AA000007 /* Timeline */,
			);
			path = Library;
			sourceTree = "<group>";
		};
		AB2001FF00112233AA000007 /* Timeline */ = {
			isa = PBXGroup;
			children = (
				AB2001FF00112233AA000004 /* TimelineView.swift */,
				AB2001FF00112233AA000006 /* TimelineRowView.swift */,
				AB2001FF00112233AA000009 /* WeekStripView.swift */,
				AB2001FF00112233AA00000B /* ActivityCalendarView.swift */,
				AB2001FF00112233AA00000D /* TimelineChartView.swift */,
			);
			path = Timeline;
			sourceTree = "<group>";
		};
		A5000005 /* ViewModels */ = {
			isa = PBXGroup;
			children = (
				A2000003 /* MangaViewModel.swift */,
				ECFEA82F2F7E970700CE4DC0 /* ReadingStatsProvider.swift */,
				ECFEA8632F7F829A00CE4DC0 /* HomeState.swift */,
			);
			path = ViewModels;
			sourceTree = "<group>";
		};
		A5000006 /* Products */ = {
			isa = PBXGroup;
			children = (
				A3000001 /* MangaLauncher.app */,
				501DFBA332C24E2F563C81D7 /* MangaWidgetExtension.appex */,
				40221490621705DE4B77F085 /* MangaShareExtension.appex */,
			);
			name = Products;
			sourceTree = "<group>";
		};
		DF3BB51D5AD6175056B7293C /* MangaWidget */ = {
			isa = PBXGroup;
			children = (
				7EFDC883F33BA3C119960C0B /* MangaWidget.swift */,
				A576F9BEFBD3B37AA9275FAB /* MangaWidget.entitlements */,
				ECFEA8972F7F941700CE4DC0 /* MangaWidgetDebug.entitlements */,
				EC04B7E62F78E50F00AEE45F /* MangaWidgetAdhoc.entitlements */,
				BC0276ADB2A6EFEC185148CA /* Info.plist */,
				4117777580B33705902FA67A /* ChangeDayIntent.swift */,
				AB1001FF00112233AA000002 /* OpenAddEntryIntent.swift */,
				AB1001FF00112233AA000004 /* MangaControlWidget.swift */,
			);
			path = MangaWidget;
			sourceTree = "<group>";
		};
		ECFEA8662F7F877400CE4DC0 /* MangaCell */ = {
			isa = PBXGroup;
			children = (
				ECFEA8272F7E919A00CE4DC0 /* MangaContextMenu.swift */,
				ECFEA8292F7E91A800CE4DC0 /* MangaGridCell.swift */,
				ECFEA82B2F7E91B500CE4DC0 /* MangaRowCell.swift */,
				ECFEA84F2F7F755F00CE4DC0 /* GridHelpers.swift */,
				ECFEA8572F7F7C3500CE4DC0 /* MangaListView.swift */,
				ECFEA82D2F7E91BD00CE4DC0 /* EntryIcon.swift */,
				96C7D9E283FFCADD60181726 /* MasonryLayout.swift */,
			);
			path = MangaCell;
			sourceTree = "<group>";
		};
		ECFEA8672F7F87A700CE4DC0 /* Home */ = {
			isa = PBXGroup;
			children = (
				A2000004 /* ContentView.swift */,
				ECFEA84B2F7F741000CE4DC0 /* WallpaperBackgroundView.swift */,
				ECFEA8512F7F756A00CE4DC0 /* FilterChip.swift */,
				ECFEA8532F7F78B400CE4DC0 /* DayPagerView.swift */,
				ECFEA8552F7F7AA700CE4DC0 /* DayTabBarView.swift */,
				ECFEA8592F7F7C4500CE4DC0 /* EditModeButtons.swift */,
				ECFEA85B2F7F7C5200CE4DC0 /* PublisherFilterView.swift */,
				ECFEA85D2F7F7E0400CE4DC0 /* EmptyStateView.swift */,
				ECFEA85F2F7F7E2000CE4DC0 /* DayPageView.swift */,
				ECFEA8612F7F7E3200CE4DC0 /* ContentToolbar.swift */,
			);
			path = Home;
			sourceTree = "<group>";
		};
		ECFEA86A2F7F87D000CE4DC0 /* CatchUp */ = {
			isa = PBXGroup;
			children = (
				EC04B7CE2F70D9FE00AEE45F /* CatchUpView.swift */,
				ECFEA8712F7F8C3E00CE4DC0 /* CatchUpCardView.swift */,
				ECFEA8732F7F8C3F00CE4DC0 /* CatchUpSwipeOverlay.swift */,
				ECFEA8752F7F8C4000CE4DC0 /* CatchUpCompletedView.swift */,
				ECFEA8772F7F8C4000CE4DC0 /* CatchUpTutorialOverlay.swift */,
			);
			path = CatchUp;
			sourceTree = "<group>";
		};
		ECFEA86B2F7F87DD00CE4DC0 /* Entry */ = {
			isa = PBXGroup;
			children = (
				ECCD2FCD2F65596900BF3309 /* PublisherPickerView.swift */,
				EEC07D90615785B81C2E71C8 /* ImageCropView.swift */,
				A2000005 /* EditEntryView.swift */,
			);
			path = Entry;
			sourceTree = "<group>";
		};
		ECFEA86E2F7F87EF00CE4DC0 /* Settings */ = {
			isa = PBXGroup;
			children = (
				0CDE508C489E5FAA3881A522 /* SettingsView.swift */,
				BB000108 /* ColorLabelSettingsView.swift */,
				AB3001FF00112233AA000006 /* LicenseListView.swift */,
				AB3001FF00112233AA000007 /* Sections */,
			);
			path = Settings;
			sourceTree = "<group>";
		};
		AB3001FF00112233AA000007 /* Sections */ = {
			isa = PBXGroup;
			children = (
				AB3001FF00112233AA000002 /* ShortcutsSection.swift */,
				AB3001FF00112233AA000004 /* NotificationSection.swift */,
			);
			path = Sections;
			sourceTree = "<group>";
		};
		ECFEA86F2F7F87F600CE4DC0 /* Heatmap */ = {
			isa = PBXGroup;
			children = (
				AA000011 /* ReadingHeatmapView.swift */,
			);
			path = Heatmap;
			sourceTree = "<group>";
		};
		ECFEA8702F7F87FE00CE4DC0 /* Common */ = {
			isa = PBXGroup;
			children = (
				ECFEA8252F7E918E00CE4DC0 /* DeleteToastView.swift */,
				EC04B7DB2F75301D00AEE45F /* OnboardingView.swift */,
				EC04B7D72F74202400AEE45F /* SafariView.swift */,
			);
			path = Common;
			sourceTree = "<group>";
		};
		F40871AEA45509078C83A570 /* Shared */ = {
			isa = PBXGroup;
			children = (
				9C7FA9735199D021E15CEED8 /* SharedModelContainer.swift */,
				1CF568E5CBBFA07B55373C73 /* DataMigration.swift */,
				ECFEA8202F7E8B9D00CE4DC0 /* UserDefaultsKeys.swift */,
				ECD61F7CE55EE24A44A02F14 /* AnimationTiming.swift */,
				EC38F4ED01AE0D411DA0C66B /* DesignSystem.swift */,
				05365AD0D66B41D8C20EDF49 /* ImageColorExtractor.swift */,
				EC44DD5EE5561C4C4F99C248 /* ModelContextExtensions.swift */,
				ECFEA8472F7F6E5700CE4DC0 /* MangaURLOpener.swift */,
				BB000107 /* MangaColor.swift */,
				BC000410 /* MangaStatusBadgeView.swift */,
				BC000510 /* SectionHeaderView.swift */,
				BC000810 /* MangaDataChangeModifier.swift */,
			);
			path = Shared;
			sourceTree = "<group>";
		};
/* End PBXGroup section */

/* Begin PBXNativeTarget section */
		5FBC8C7A2666619916A9F0CE /* MangaWidgetExtension */ = {
			isa = PBXNativeTarget;
			buildConfigurationList = C492A5A9C7215F7D6BA27D3C /* Build configuration list for PBXNativeTarget "MangaWidgetExtension" */;
			buildPhases = (
				126D8EA84FDE4297B3323E1C /* Sources */,
				4212DA020FAB28D526A71DF8 /* Frameworks */,
				C5489B90EE9B0D032E034AEE /* Resources */,
			);
			buildRules = (
			);
			dependencies = (
			);
			name = MangaWidgetExtension;
			productName = MangaWidgetExtension;
			productReference = 501DFBA332C24E2F563C81D7 /* MangaWidgetExtension.appex */;
			productType = "com.apple.product-type.app-extension";
		};
		7FDCBA7706DE62E5394731BA /* MangaShareExtension */ = {
			isa = PBXNativeTarget;
			buildConfigurationList = FE8463329D1070F2E155C21B /* Build configuration list for PBXNativeTarget "MangaShareExtension" */;
			buildPhases = (
				54EDA4936B126B9BE703E963 /* Sources */,
				3AF42F008FE9B752BFF76FD4 /* Frameworks */,
				96ACCA677C341A215F8B7576 /* Resources */,
			);
			buildRules = (
			);
			dependencies = (
			);
			name = MangaShareExtension;
			productName = MangaShareExtension;
			productReference = 40221490621705DE4B77F085 /* MangaShareExtension.appex */;
			productType = "com.apple.product-type.app-extension";
		};
		A6000001 /* MangaLauncher */ = {
			isa = PBXNativeTarget;
			buildConfigurationList = A8000003 /* Build configuration list for PBXNativeTarget "MangaLauncher" */;
			buildPhases = (
				A7000001 /* Sources */,
				A4000001 /* Frameworks */,
				A7000002 /* Resources */,
				6E69757BEDB8E982DA779A62 /* Embed Foundation Extensions */,
			);
			buildRules = (
			);
			dependencies = (
				B34D44C0D231F297C83AE537 /* PBXTargetDependency */,
				4A92E4F4FD60BA945CC91EA6 /* PBXTargetDependency */,
			);
			name = MangaLauncher;
			productName = MangaLauncher;
			productReference = A3000001 /* MangaLauncher.app */;
			productType = "com.apple.product-type.application";
		};
/* End PBXNativeTarget section */

/* Begin PBXProject section */
		A9000001 /* Project object */ = {
			isa = PBXProject;
			attributes = {
				BuildIndependentTargetsInParallel = 1;
				LastSwiftUpdateCheck = 1500;
				LastUpgradeCheck = 2630;
				TargetAttributes = {
					A6000001 = {
						CreatedOnToolsVersion = 15.0;
					};
				};
			};
			buildConfigurationList = A8000001 /* Build configuration list for PBXProject "MangaLauncher" */;
			compatibilityVersion = "Xcode 14.0";
			developmentRegion = ja;
			hasScannedForEncodings = 0;
			knownRegions = (
				en,
				Base,
				ja,
			);
			mainGroup = A5000001;
			packageReferences = (
				ECA66F792F6EAEE10096B6E5 /* XCRemoteSwiftPackageReference "Mantis" */,
				ECFEA76B2F7B80DB00CE4DC0 /* XCLocalSwiftPackageReference "Packages/WallpaperKit" */,
				ECFEA76E2F7B8A9A00CE4DC0 /* XCLocalSwiftPackageReference "Packages/PlatformKit" */,
				ECFEA7752F7B8B9400CE4DC0 /* XCLocalSwiftPackageReference "Packages/OGPKit" */,
				ECFEA7782F7B8BAE00CE4DC0 /* XCLocalSwiftPackageReference "Packages/MangaExtractorKit" */,
				ECFEA77F2F7B8D0700CE4DC0 /* XCLocalSwiftPackageReference "Packages/CloudSyncKit" */,
				ECFEA7822F7B8D1B00CE4DC0 /* XCLocalSwiftPackageReference "Packages/NotificationKit" */,
			);
			productRefGroup = A5000006 /* Products */;
			projectDirPath = "";
			projectRoot = "";
			targets = (
				A6000001 /* MangaLauncher */,
				5FBC8C7A2666619916A9F0CE /* MangaWidgetExtension */,
				7FDCBA7706DE62E5394731BA /* MangaShareExtension */,
			);
		};
/* End PBXProject section */

/* Begin PBXResourcesBuildPhase section */
		96ACCA677C341A215F8B7576 /* Resources */ = {
			isa = PBXResourcesBuildPhase;
			buildActionMask = 2147483647;
			files = (
			);
			runOnlyForDeploymentPostprocessing = 0;
		};
		A7000002 /* Resources */ = {
			isa = PBXResourcesBuildPhase;
			buildActionMask = 2147483647;
			files = (
				ECFEA89E2F7F96D200CE4DC0 /* Localizable.xcstrings in Resources */,
				A1000006 /* Assets.xcassets in Resources */,
			);
			runOnlyForDeploymentPostprocessing = 0;
		};
		C5489B90EE9B0D032E034AEE /* Resources */ = {
			isa = PBXResourcesBuildPhase;
			buildActionMask = 2147483647;
			files = (
			);
			runOnlyForDeploymentPostprocessing = 0;
		};
/* End PBXResourcesBuildPhase section */

/* Begin PBXSourcesBuildPhase section */
		126D8EA84FDE4297B3323E1C /* Sources */ = {
			isa = PBXSourcesBuildPhase;
			buildActionMask = 2147483647;
			files = (
				4064491CAC92BFC4CAEA647C /* MangaWidget.swift in Sources */,
				431F2DADE5A1315BB2611590 /* MangaEntry.swift in Sources */,
				E79C1EBA2299356887386C0C /* SharedModelContainer.swift in Sources */,
				3650352634B47DCA879C45C1 /* ChangeDayIntent.swift in Sources */,
				AB1001FF00112233AA000001 /* OpenAddEntryIntent.swift in Sources */,
				AB1001FF00112233AA000003 /* MangaControlWidget.swift in Sources */,
				AB1001FF00112233AA000013 /* ControlIntents.swift in Sources */,
				ECFEA8222F7E8B9D00CE4DC0 /* UserDefaultsKeys.swift in Sources */,
				EC79B98AEA2FF142AA989EF0 /* AnimationTiming.swift in Sources */,
				ECCE6BE2DD70F34BA69061B3 /* DesignSystem.swift in Sources */,
				C2C5E8A68C5957E075832254 /* ImageColorExtractor.swift in Sources */,
				EC440D83EFDF1B4B6F95E82D /* ModelContextExtensions.swift in Sources */,
				AA000001 /* ReadingActivity.swift in Sources */,
				BC000001 /* MangaComment.swift in Sources */,
				ECFEA84A2F7F6E5700CE4DC0 /* MangaURLOpener.swift in Sources */,
			);
			runOnlyForDeploymentPostprocessing = 0;
		};
		54EDA4936B126B9BE703E963 /* Sources */ = {
			isa = PBXSourcesBuildPhase;
			buildActionMask = 2147483647;
			files = (
				4913D9B7564F39C42E8E5207 /* ShareViewController.swift in Sources */,
				125D8CEEBC201DD7B9C5BCE3 /* ShareExtensionView.swift in Sources */,
				63696DAFAE55A61EC72070CA /* MangaEntry.swift in Sources */,
				B26E164ECFAC0FC6A4B39CC6 /* SharedModelContainer.swift in Sources */,
				ECFEA8212F7E8B9D00CE4DC0 /* UserDefaultsKeys.swift in Sources */,
				ECFEA8952F7F93AF00CE4DC0 /* AnimationTiming.swift in Sources */,
				ECCE6BE2DD70F34BA69061B3 /* DesignSystem.swift in Sources */,
				ECFEA8962F7F93AF00CE4DC0 /* ModelContextExtensions.swift in Sources */,
				AA000002 /* ReadingActivity.swift in Sources */,
				BC000002 /* MangaComment.swift in Sources */,
				ECFEA8492F7F6E5700CE4DC0 /* MangaURLOpener.swift in Sources */,
			);
			runOnlyForDeploymentPostprocessing = 0;
		};
		A7000001 /* Sources */ = {
			isa = PBXSourcesBuildPhase;
			buildActionMask = 2147483647;
			files = (
				ECFEA8562F7F7AA700CE4DC0 /* DayTabBarView.swift in Sources */,
				ECFEA8522F7F756A00CE4DC0 /* FilterChip.swift in Sources */,
				ECFEA82A2F7E91A800CE4DC0 /* MangaGridCell.swift in Sources */,
				ECFEA8302F7E970700CE4DC0 /* ReadingStatsProvider.swift in Sources */,
				A1000001 /* MangaLauncherApp.swift in Sources */,
				ECFEA85C2F7F7C5200CE4DC0 /* PublisherFilterView.swift in Sources */,
				ECCD2FCE2F65596900BF3309 /* PublisherPickerView.swift in Sources */,
				A1000002 /* MangaEntry.swift in Sources */,
				ECFEA8482F7F6E5700CE4DC0 /* MangaURLOpener.swift in Sources */,
				A1000003 /* MangaViewModel.swift in Sources */,
				ECFEA8582F7F7C3500CE4DC0 /* MangaListView.swift in Sources */,
				ECFEA8782F7F8C4000CE4DC0 /* CatchUpTutorialOverlay.swift in Sources */,
				ECFEA84C2F7F741000CE4DC0 /* WallpaperBackgroundView.swift in Sources */,
				EC04B7D82F74202400AEE45F /* SafariView.swift in Sources */,
				A1000004 /* ContentView.swift in Sources */,
				BB000002 /* SearchView.swift in Sources */,
				BC000701 /* SearchResultRow.swift in Sources */,
				BC000702 /* MemoMatchRow.swift in Sources */,
				BC000703 /* CommentMatchRow.swift in Sources */,
				BC000704 /* SearchSnippet.swift in Sources */,
				BB000003 /* RootTabView.swift in Sources */,
				BB000004 /* LibraryView.swift in Sources */,
				BB000005 /* LibraryCard.swift in Sources */,
				BC000601 /* ActivityRowView.swift in Sources */,
				BC000602 /* AllActivityView.swift in Sources */,
				BC000603 /* AllPublishersView.swift in Sources */,
				BC000604 /* LibrarySection.swift in Sources */,
				BC000605 /* LibrarySectionBuilder.swift in Sources */,
				BC000101 /* CommentListView.swift in Sources */,
				BC000301 /* ActivityItem.swift in Sources */,
				AB2001FF00112233AA000001 /* TimelineItem.swift in Sources */,
				AB2001FF00112233AA000003 /* TimelineView.swift in Sources */,
				AB2001FF00112233AA000005 /* TimelineRowView.swift in Sources */,
				AB2001FF00112233AA000008 /* WeekStripView.swift in Sources */,
				AB2001FF00112233AA00000A /* ActivityCalendarView.swift in Sources */,
				AB2001FF00112233AA00000C /* TimelineChartView.swift in Sources */,
				AB3001FF00112233AA000001 /* ShortcutsSection.swift in Sources */,
				AB3001FF00112233AA000003 /* NotificationSection.swift in Sources */,
				AB3001FF00112233AA000005 /* LicenseListView.swift in Sources */,
				BC000401 /* MangaStatusBadgeView.swift in Sources */,
				BC000501 /* SectionHeaderView.swift in Sources */,
				BC000801 /* MangaDataChangeModifier.swift in Sources */,
				BB000007 /* MangaColor.swift in Sources */,
				BB000008 /* ColorLabelSettingsView.swift in Sources */,
				BB000006 /* FloatingAddButton.swift in Sources */,
				ECFEA8742F7F8C3F00CE4DC0 /* CatchUpSwipeOverlay.swift in Sources */,
				ECFEA8232F7E8B9D00CE4DC0 /* UserDefaultsKeys.swift in Sources */,
				ECFEA8932F7F93AF00CE4DC0 /* AnimationTiming.swift in Sources */,
				ECCE6BE2DD70F34BA69061B3 /* DesignSystem.swift in Sources */,
				C2C5E8A68C5957E075832255 /* ImageColorExtractor.swift in Sources */,
				ECFEA8942F7F93AF00CE4DC0 /* ModelContextExtensions.swift in Sources */,
				A1000005 /* EditEntryView.swift in Sources */,
				EC04B7CF2F70D9FE00AEE45F /* CatchUpView.swift in Sources */,
				ECFEA8622F7F7E3200CE4DC0 /* ContentToolbar.swift in Sources */,
				ECFEA8642F7F829A00CE4DC0 /* HomeState.swift in Sources */,
				4975296B405867976ADBBA9F /* SharedModelContainer.swift in Sources */,
				2AA2BDFC2D4CFE5BF3F85D4A /* DataMigration.swift in Sources */,
				ECFEA8722F7F8C3E00CE4DC0 /* CatchUpCardView.swift in Sources */,
				D43D0695E7E3840F3142A594 /* SettingsView.swift in Sources */,
				3E27882FDDEB43FF0F253020 /* BackupData.swift in Sources */,
				ECFEA8502F7F755F00CE4DC0 /* GridHelpers.swift in Sources */,
				A1A8B2ACB18D6E541985F304 /* MasonryLayout.swift in Sources */,
				B31B9EA2FE243CD2D6209258 /* AddMangaIntent.swift in Sources */,
				AB1001FF00112233AA000005 /* OpenAddEntryIntent.swift in Sources */,
				AB1001FF00112233AA000011 /* ControlIntents.swift in Sources */,
				ECFEA8542F7F78B400CE4DC0 /* DayPagerView.swift in Sources */,
				ECFEA8282F7E919A00CE4DC0 /* MangaContextMenu.swift in Sources */,
				1299E093C31E1C940DD2CAC4 /* ImageCropView.swift in Sources */,
				ECFEA85E2F7F7E0400CE4DC0 /* EmptyStateView.swift in Sources */,
				EC04B7DC2F75301D00AEE45F /* OnboardingView.swift in Sources */,
				ECFEA85A2F7F7C4500CE4DC0 /* EditModeButtons.swift in Sources */,
				ECFEA8762F7F8C4000CE4DC0 /* CatchUpCompletedView.swift in Sources */,
				ECFEA82C2F7E91B500CE4DC0 /* MangaRowCell.swift in Sources */,
				ECFEA8262F7E918E00CE4DC0 /* DeleteToastView.swift in Sources */,
				ECFEA82E2F7E91BD00CE4DC0 /* EntryIcon.swift in Sources */,
				AA000003 /* ReadingActivity.swift in Sources */,
				BC000003 /* MangaComment.swift in Sources */,
				ECFEA8602F7F7E2000CE4DC0 /* DayPageView.swift in Sources */,
				AA000004 /* ReadingHeatmapView.swift in Sources */,
			);
			runOnlyForDeploymentPostprocessing = 0;
		};
/* End PBXSourcesBuildPhase section */

/* Begin PBXTargetDependency section */
		4A92E4F4FD60BA945CC91EA6 /* PBXTargetDependency */ = {
			isa = PBXTargetDependency;
			name = MangaShareExtension;
			target = 7FDCBA7706DE62E5394731BA /* MangaShareExtension */;
			targetProxy = D87F2237BBD28B29C42758FB /* PBXContainerItemProxy */;
		};
		B34D44C0D231F297C83AE537 /* PBXTargetDependency */ = {
			isa = PBXTargetDependency;
			name = MangaWidgetExtension;
			target = 5FBC8C7A2666619916A9F0CE /* MangaWidgetExtension */;
			targetProxy = 30E74535BF36E4FABCA6FDF4 /* PBXContainerItemProxy */;
		};
/* End PBXTargetDependency section */

/* Begin XCBuildConfiguration section */
		4C3CE3D01E543D77F45B0028 /* Release */ = {
			isa = XCBuildConfiguration;
			buildSettings = {
				ASSETCATALOG_COMPILER_GLOBAL_ACCENT_COLOR_NAME = AccentColor;
				ASSETCATALOG_COMPILER_WIDGET_BACKGROUND_COLOR_NAME = WidgetBackground;
				CLANG_ENABLE_OBJC_WEAK = NO;
				CODE_SIGN_ENTITLEMENTS = MangaWidget/MangaWidget.entitlements;
				CURRENT_PROJECT_VERSION = 1;
				GENERATE_INFOPLIST_FILE = YES;
				INFOPLIST_FILE = MangaWidget/Info.plist;
				INFOPLIST_KEY_CFBundleDisplayName = "マンガ曜日ウィジェット";
				INFOPLIST_KEY_NSWidgetWantsLocation = NO;
				IPHONEOS_DEPLOYMENT_TARGET = 26.0;
				LD_RUNPATH_SEARCH_PATHS = (
					"$(inherited)",
					"@executable_path/Frameworks",
					"@executable_path/../../Frameworks",
				);
				MARKETING_VERSION = 2.0;
				PRODUCT_BUNDLE_IDENTIFIER = "com.mh-mobile.MangaYoubi.MangaWidget";
				PRODUCT_NAME = MangaWidgetExtension;
				SDKROOT = iphoneos;
				SKIP_INSTALL = YES;
				SUPPORTED_PLATFORMS = "iphoneos iphonesimulator";
				SUPPORTS_MACCATALYST = NO;
				SWIFT_EMIT_LOC_STRINGS = YES;
				SWIFT_VERSION = 5.0;
				TARGETED_DEVICE_FAMILY = "1,2";
				VALIDATE_PRODUCT = YES;
				XROS_DEPLOYMENT_TARGET = 26.0;
			};
			name = Release;
		};
		7B7F266E08FAC90BAC1C1817 /* Debug */ = {
			isa = XCBuildConfiguration;
			buildSettings = {
				CLANG_ENABLE_OBJC_WEAK = NO;
				CODE_SIGN_ALLOW_ENTITLEMENTS_MODIFICATION = YES;
				CODE_SIGN_ENTITLEMENTS = MangaShareExtension/MangaShareExtensionDebug.entitlements;
				CURRENT_PROJECT_VERSION = 1;
				GENERATE_INFOPLIST_FILE = YES;
				INFOPLIST_FILE = MangaShareExtension/Info.plist;
				INFOPLIST_KEY_CFBundleDisplayName = "マンガ曜日に追加";
				IPHONEOS_DEPLOYMENT_TARGET = 26.0;
				LD_RUNPATH_SEARCH_PATHS = (
					"$(inherited)",
					"@executable_path/Frameworks",
					"@executable_path/../../Frameworks",
				);
				MARKETING_VERSION = 2.0;
				PRODUCT_BUNDLE_IDENTIFIER = "com.mh-mobile.MangaYoubi.dev.ShareExtension";
				PRODUCT_NAME = "$(TARGET_NAME)";
				SDKROOT = iphoneos;
				SKIP_INSTALL = YES;
				SWIFT_VERSION = 5.0;
			};
			name = Debug;
		};
		8B2A5BDF846A85B09DC9BF42 /* Debug */ = {
			isa = XCBuildConfiguration;
			buildSettings = {
				ASSETCATALOG_COMPILER_GLOBAL_ACCENT_COLOR_NAME = AccentColor;
				ASSETCATALOG_COMPILER_WIDGET_BACKGROUND_COLOR_NAME = WidgetBackground;
				CLANG_ENABLE_OBJC_WEAK = NO;
				CODE_SIGN_ALLOW_ENTITLEMENTS_MODIFICATION = YES;
				CODE_SIGN_ENTITLEMENTS = MangaWidget/MangaWidgetDebug.entitlements;
				CURRENT_PROJECT_VERSION = 1;
				GENERATE_INFOPLIST_FILE = YES;
				INFOPLIST_FILE = MangaWidget/Info.plist;
				INFOPLIST_KEY_CFBundleDisplayName = "マンガ曜日ウィジェット";
				INFOPLIST_KEY_NSWidgetWantsLocation = NO;
				IPHONEOS_DEPLOYMENT_TARGET = 26.0;
				LD_RUNPATH_SEARCH_PATHS = (
					"$(inherited)",
					"@executable_path/Frameworks",
					"@executable_path/../../Frameworks",
				);
				MARKETING_VERSION = 2.0;
				PRODUCT_BUNDLE_IDENTIFIER = "com.mh-mobile.MangaYoubi.dev.MangaWidget";
				PRODUCT_NAME = MangaWidgetExtension;
				SDKROOT = iphoneos;
				SKIP_INSTALL = YES;
				SUPPORTED_PLATFORMS = "iphoneos iphonesimulator";
				SUPPORTS_MACCATALYST = NO;
				SWIFT_EMIT_LOC_STRINGS = YES;
				SWIFT_VERSION = 5.0;
				TARGETED_DEVICE_FAMILY = "1,2";
				XROS_DEPLOYMENT_TARGET = 26.0;
			};
			name = Debug;
		};
		A8000011 /* Debug */ = {
			isa = XCBuildConfiguration;
			buildSettings = {
				ALWAYS_SEARCH_USER_PATHS = NO;
				ASSETCATALOG_COMPILER_GENERATE_SWIFT_ASSET_SYMBOL_EXTENSIONS = YES;
				CLANG_ANALYZER_LOCALIZABILITY_NONLOCALIZED = YES;
				CLANG_ANALYZER_NONNULL = YES;
				CLANG_ANALYZER_NUMBER_OBJECT_CONVERSION = YES_AGGRESSIVE;
				CLANG_CXX_LANGUAGE_STANDARD = "gnu++20";
				CLANG_ENABLE_MODULES = YES;
				CLANG_ENABLE_OBJC_ARC = YES;
				CLANG_ENABLE_OBJC_WEAK = YES;
				CLANG_WARN_BLOCK_CAPTURE_AUTORELEASING = YES;
				CLANG_WARN_BOOL_CONVERSION = YES;
				CLANG_WARN_COMMA = YES;
				CLANG_WARN_CONSTANT_CONVERSION = YES;
				CLANG_WARN_DEPRECATED_OBJC_IMPLEMENTATIONS = YES;
				CLANG_WARN_DIRECT_OBJC_ISA_USAGE = YES_ERROR;
				CLANG_WARN_DOCUMENTATION_COMMENTS = YES;
				CLANG_WARN_EMPTY_BODY = YES;
				CLANG_WARN_ENUM_CONVERSION = YES;
				CLANG_WARN_INFINITE_RECURSION = YES;
				CLANG_WARN_INT_CONVERSION = YES;
				CLANG_WARN_NON_LITERAL_NULL_CONVERSION = YES;
				CLANG_WARN_OBJC_IMPLICIT_RETAIN_SELF = YES;
				CLANG_WARN_OBJC_LITERAL_CONVERSION = YES;
				CLANG_WARN_OBJC_ROOT_CLASS = YES_ERROR;
				CLANG_WARN_QUOTED_INCLUDE_IN_FRAMEWORK_HEADER = YES;
				CLANG_WARN_RANGE_LOOP_ANALYSIS = YES;
				CLANG_WARN_STRICT_PROTOTYPES = YES;
				CLANG_WARN_SUSPICIOUS_MOVE = YES;
				CLANG_WARN_UNGUARDED_AVAILABILITY = YES_AGGRESSIVE;
				CLANG_WARN_UNREACHABLE_CODE = YES;
				CLANG_WARN__DUPLICATE_METHOD_MATCH = YES;
				COPY_PHASE_STRIP = NO;
				DEBUG_INFORMATION_FORMAT = dwarf;
				DEVELOPMENT_TEAM = 5XJ8CR95CK;
				ENABLE_STRICT_OBJC_MSGSEND = YES;
				ENABLE_TESTABILITY = YES;
				ENABLE_USER_SCRIPT_SANDBOXING = YES;
				GCC_C_LANGUAGE_STANDARD = gnu17;
				GCC_DYNAMIC_NO_PIC = NO;
				GCC_NO_COMMON_BLOCKS = YES;
				GCC_OPTIMIZATION_LEVEL = 0;
				GCC_PREPROCESSOR_DEFINITIONS = (
					"DEBUG=1",
					"$(inherited)",
				);
				GCC_WARN_64_TO_32_BIT_CONVERSION = YES;
				GCC_WARN_ABOUT_RETURN_TYPE = YES_ERROR;
				GCC_WARN_UNDECLARED_SELECTOR = YES;
				GCC_WARN_UNINITIALIZED_AUTOS = YES_AGGRESSIVE;
				GCC_WARN_UNUSED_FUNCTION = YES;
				GCC_WARN_UNUSED_VARIABLE = YES;
				IPHONEOS_DEPLOYMENT_TARGET = 26.0;
				MTL_ENABLE_DEBUG_INFO = INCLUDE_SOURCE;
				MTL_FAST_MATH = YES;
				ONLY_ACTIVE_ARCH = YES;
				SDKROOT = iphoneos;
				STRING_CATALOG_GENERATE_SYMBOLS = YES;
				SWIFT_ACTIVE_COMPILATION_CONDITIONS = "DEBUG $(inherited)";
				SWIFT_EMIT_LOC_STRINGS = YES;
				SWIFT_OPTIMIZATION_LEVEL = "-Onone";
			};
			name = Debug;
		};
		A8000012 /* Release */ = {
			isa = XCBuildConfiguration;
			buildSettings = {
				ALWAYS_SEARCH_USER_PATHS = NO;
				ASSETCATALOG_COMPILER_GENERATE_SWIFT_ASSET_SYMBOL_EXTENSIONS = YES;
				CLANG_ANALYZER_LOCALIZABILITY_NONLOCALIZED = YES;
				CLANG_ANALYZER_NONNULL = YES;
				CLANG_ANALYZER_NUMBER_OBJECT_CONVERSION = YES_AGGRESSIVE;
				CLANG_CXX_LANGUAGE_STANDARD = "gnu++20";
				CLANG_ENABLE_MODULES = YES;
				CLANG_ENABLE_OBJC_ARC = YES;
				CLANG_ENABLE_OBJC_WEAK = YES;
				CLANG_WARN_BLOCK_CAPTURE_AUTORELEASING = YES;
				CLANG_WARN_BOOL_CONVERSION = YES;
				CLANG_WARN_COMMA = YES;
				CLANG_WARN_CONSTANT_CONVERSION = YES;
				CLANG_WARN_DEPRECATED_OBJC_IMPLEMENTATIONS = YES;
				CLANG_WARN_DIRECT_OBJC_ISA_USAGE = YES_ERROR;
				CLANG_WARN_DOCUMENTATION_COMMENTS = YES;
				CLANG_WARN_EMPTY_BODY = YES;
				CLANG_WARN_ENUM_CONVERSION = YES;
				CLANG_WARN_INFINITE_RECURSION = YES;
				CLANG_WARN_INT_CONVERSION = YES;
				CLANG_WARN_NON_LITERAL_NULL_CONVERSION = YES;
				CLANG_WARN_OBJC_IMPLICIT_RETAIN_SELF = YES;
				CLANG_WARN_OBJC_LITERAL_CONVERSION = YES;
				CLANG_WARN_OBJC_ROOT_CLASS = YES_ERROR;
				CLANG_WARN_QUOTED_INCLUDE_IN_FRAMEWORK_HEADER = YES;
				CLANG_WARN_RANGE_LOOP_ANALYSIS = YES;
				CLANG_WARN_STRICT_PROTOTYPES = YES;
				CLANG_WARN_SUSPICIOUS_MOVE = YES;
				CLANG_WARN_UNGUARDED_AVAILABILITY = YES_AGGRESSIVE;
				CLANG_WARN_UNREACHABLE_CODE = YES;
				CLANG_WARN__DUPLICATE_METHOD_MATCH = YES;
				COPY_PHASE_STRIP = NO;
				DEBUG_INFORMATION_FORMAT = "dwarf-with-dsym";
				DEVELOPMENT_TEAM = 5XJ8CR95CK;
				ENABLE_NS_ASSERTIONS = NO;
				ENABLE_STRICT_OBJC_MSGSEND = YES;
				ENABLE_USER_SCRIPT_SANDBOXING = YES;
				GCC_C_LANGUAGE_STANDARD = gnu17;
				GCC_NO_COMMON_BLOCKS = YES;
				GCC_WARN_64_TO_32_BIT_CONVERSION = YES;
				GCC_WARN_ABOUT_RETURN_TYPE = YES_ERROR;
				GCC_WARN_UNDECLARED_SELECTOR = YES;
				GCC_WARN_UNINITIALIZED_AUTOS = YES_AGGRESSIVE;
				GCC_WARN_UNUSED_FUNCTION = YES;
				GCC_WARN_UNUSED_VARIABLE = YES;
				IPHONEOS_DEPLOYMENT_TARGET = 26.0;
				MTL_ENABLE_DEBUG_INFO = NO;
				MTL_FAST_MATH = YES;
				SDKROOT = iphoneos;
				STRING_CATALOG_GENERATE_SYMBOLS = YES;
				SWIFT_COMPILATION_MODE = wholemodule;
				SWIFT_EMIT_LOC_STRINGS = YES;
				VALIDATE_PRODUCT = YES;
			};
			name = Release;
		};
		A8000021 /* Debug */ = {
			isa = XCBuildConfiguration;
			buildSettings = {
				ASSETCATALOG_COMPILER_APPICON_NAME = "AppIcon-Dev";
				ASSETCATALOG_COMPILER_GLOBAL_ACCENT_COLOR_NAME = AccentColor;
				CODE_SIGN_ENTITLEMENTS = MangaLauncher/MangaLauncherDebug.entitlements;
				CODE_SIGN_STYLE = Automatic;
				CURRENT_PROJECT_VERSION = 1;
				DEVELOPMENT_ASSET_PATHS = "";
				ENABLE_PREVIEWS = YES;
				ENABLE_USER_SCRIPT_SANDBOXING = YES;
				GENERATE_INFOPLIST_FILE = YES;
				INFOPLIST_FILE = MangaLauncher/Info.plist;
				INFOPLIST_KEY_CFBundleDisplayName = "マンガ曜日 DEV";
				INFOPLIST_KEY_UIApplicationSceneManifest_Generation = YES;
				INFOPLIST_KEY_UIApplicationSupportsIndirectInputEvents = YES;
				INFOPLIST_KEY_UILaunchScreen_Generation = YES;
				INFOPLIST_KEY_UISupportedInterfaceOrientations_iPad = "UIInterfaceOrientationPortrait UIInterfaceOrientationPortraitUpsideDown UIInterfaceOrientationLandscapeLeft UIInterfaceOrientationLandscapeRight";
				INFOPLIST_KEY_UISupportedInterfaceOrientations_iPhone = "UIInterfaceOrientationPortrait UIInterfaceOrientationLandscapeLeft UIInterfaceOrientationLandscapeRight";
				IPHONEOS_DEPLOYMENT_TARGET = 26.0;
				LD_RUNPATH_SEARCH_PATHS = (
					"$(inherited)",
					"@executable_path/Frameworks",
				);
				MARKETING_VERSION = 2.0;
				PRODUCT_BUNDLE_IDENTIFIER = "com.mh-mobile.MangaYoubi.dev";
				PRODUCT_NAME = "$(TARGET_NAME)";
				SUPPORTED_PLATFORMS = "iphoneos iphonesimulator";
				SUPPORTS_MACCATALYST = NO;
				SWIFT_EMIT_LOC_STRINGS = YES;
				SWIFT_VERSION = 5.0;
				TARGETED_DEVICE_FAMILY = "1,2";
				XROS_DEPLOYMENT_TARGET = 26.0;
			};
			name = Debug;
		};
		A8000022 /* Release */ = {
			isa = XCBuildConfiguration;
			buildSettings = {
				ASSETCATALOG_COMPILER_APPICON_NAME = AppIcon;
				ASSETCATALOG_COMPILER_GLOBAL_ACCENT_COLOR_NAME = AccentColor;
				CODE_SIGN_ENTITLEMENTS = MangaLauncher/MangaLauncher.entitlements;
				CODE_SIGN_STYLE = Automatic;
				CURRENT_PROJECT_VERSION = 1;
				DEVELOPMENT_ASSET_PATHS = "";
				ENABLE_PREVIEWS = YES;
				ENABLE_USER_SCRIPT_SANDBOXING = YES;
				GENERATE_INFOPLIST_FILE = YES;
				INFOPLIST_FILE = MangaLauncher/Info.plist;
				INFOPLIST_KEY_CFBundleDisplayName = "マンガ曜日";
				INFOPLIST_KEY_UIApplicationSceneManifest_Generation = YES;
				INFOPLIST_KEY_UIApplicationSupportsIndirectInputEvents = YES;
				INFOPLIST_KEY_UILaunchScreen_Generation = YES;
				INFOPLIST_KEY_UISupportedInterfaceOrientations_iPad = "UIInterfaceOrientationPortrait UIInterfaceOrientationPortraitUpsideDown UIInterfaceOrientationLandscapeLeft UIInterfaceOrientationLandscapeRight";
				INFOPLIST_KEY_UISupportedInterfaceOrientations_iPhone = "UIInterfaceOrientationPortrait UIInterfaceOrientationLandscapeLeft UIInterfaceOrientationLandscapeRight";
				IPHONEOS_DEPLOYMENT_TARGET = 26.0;
				LD_RUNPATH_SEARCH_PATHS = (
					"$(inherited)",
					"@executable_path/Frameworks",
				);
				MARKETING_VERSION = 2.0;
				PRODUCT_BUNDLE_IDENTIFIER = "com.mh-mobile.MangaYoubi";
				PRODUCT_NAME = "$(TARGET_NAME)";
				SUPPORTED_PLATFORMS = "iphoneos iphonesimulator";
				SUPPORTS_MACCATALYST = NO;
				SWIFT_EMIT_LOC_STRINGS = YES;
				SWIFT_VERSION = 5.0;
				TARGETED_DEVICE_FAMILY = "1,2";
				XROS_DEPLOYMENT_TARGET = 26.0;
			};
			name = Release;
		};
		E6A5577DC48883C5B9556E0F /* Release */ = {
			isa = XCBuildConfiguration;
			buildSettings = {
				CLANG_ENABLE_OBJC_WEAK = NO;
				CODE_SIGN_ENTITLEMENTS = MangaShareExtension/MangaShareExtension.entitlements;
				CURRENT_PROJECT_VERSION = 1;
				GENERATE_INFOPLIST_FILE = YES;
				INFOPLIST_FILE = MangaShareExtension/Info.plist;
				INFOPLIST_KEY_CFBundleDisplayName = "マンガ曜日に追加";
				IPHONEOS_DEPLOYMENT_TARGET = 26.0;
				LD_RUNPATH_SEARCH_PATHS = (
					"$(inherited)",
					"@executable_path/Frameworks",
					"@executable_path/../../Frameworks",
				);
				MARKETING_VERSION = 2.0;
				PRODUCT_BUNDLE_IDENTIFIER = "com.mh-mobile.MangaYoubi.ShareExtension";
				PRODUCT_NAME = "$(TARGET_NAME)";
				SDKROOT = iphoneos;
				SKIP_INSTALL = YES;
				SWIFT_VERSION = 5.0;
				VALIDATE_PRODUCT = YES;
			};
			name = Release;
		};
		EC04B7E12F78E1EB00AEE45F /* Adhoc */ = {
			isa = XCBuildConfiguration;
			buildSettings = {
				ALWAYS_SEARCH_USER_PATHS = NO;
				ASSETCATALOG_COMPILER_GENERATE_SWIFT_ASSET_SYMBOL_EXTENSIONS = YES;
				CLANG_ANALYZER_LOCALIZABILITY_NONLOCALIZED = YES;
				CLANG_ANALYZER_NONNULL = YES;
				CLANG_ANALYZER_NUMBER_OBJECT_CONVERSION = YES_AGGRESSIVE;
				CLANG_CXX_LANGUAGE_STANDARD = "gnu++20";
				CLANG_ENABLE_MODULES = YES;
				CLANG_ENABLE_OBJC_ARC = YES;
				CLANG_ENABLE_OBJC_WEAK = YES;
				CLANG_WARN_BLOCK_CAPTURE_AUTORELEASING = YES;
				CLANG_WARN_BOOL_CONVERSION = YES;
				CLANG_WARN_COMMA = YES;
				CLANG_WARN_CONSTANT_CONVERSION = YES;
				CLANG_WARN_DEPRECATED_OBJC_IMPLEMENTATIONS = YES;
				CLANG_WARN_DIRECT_OBJC_ISA_USAGE = YES_ERROR;
				CLANG_WARN_DOCUMENTATION_COMMENTS = YES;
				CLANG_WARN_EMPTY_BODY = YES;
				CLANG_WARN_ENUM_CONVERSION = YES;
				CLANG_WARN_INFINITE_RECURSION = YES;
				CLANG_WARN_INT_CONVERSION = YES;
				CLANG_WARN_NON_LITERAL_NULL_CONVERSION = YES;
				CLANG_WARN_OBJC_IMPLICIT_RETAIN_SELF = YES;
				CLANG_WARN_OBJC_LITERAL_CONVERSION = YES;
				CLANG_WARN_OBJC_ROOT_CLASS = YES_ERROR;
				CLANG_WARN_QUOTED_INCLUDE_IN_FRAMEWORK_HEADER = YES;
				CLANG_WARN_RANGE_LOOP_ANALYSIS = YES;
				CLANG_WARN_STRICT_PROTOTYPES = YES;
				CLANG_WARN_SUSPICIOUS_MOVE = YES;
				CLANG_WARN_UNGUARDED_AVAILABILITY = YES_AGGRESSIVE;
				CLANG_WARN_UNREACHABLE_CODE = YES;
				CLANG_WARN__DUPLICATE_METHOD_MATCH = YES;
				COPY_PHASE_STRIP = NO;
				DEBUG_INFORMATION_FORMAT = "dwarf-with-dsym";
				DEVELOPMENT_TEAM = 5XJ8CR95CK;
				ENABLE_NS_ASSERTIONS = NO;
				ENABLE_STRICT_OBJC_MSGSEND = YES;
				ENABLE_USER_SCRIPT_SANDBOXING = YES;
				GCC_C_LANGUAGE_STANDARD = gnu17;
				GCC_NO_COMMON_BLOCKS = YES;
				GCC_WARN_64_TO_32_BIT_CONVERSION = YES;
				GCC_WARN_ABOUT_RETURN_TYPE = YES_ERROR;
				GCC_WARN_UNDECLARED_SELECTOR = YES;
				GCC_WARN_UNINITIALIZED_AUTOS = YES_AGGRESSIVE;
				GCC_WARN_UNUSED_FUNCTION = YES;
				GCC_WARN_UNUSED_VARIABLE = YES;
				IPHONEOS_DEPLOYMENT_TARGET = 26.0;
				MTL_ENABLE_DEBUG_INFO = NO;
				MTL_FAST_MATH = YES;
				SDKROOT = iphoneos;
				STRING_CATALOG_GENERATE_SYMBOLS = YES;
				SWIFT_COMPILATION_MODE = wholemodule;
				SWIFT_EMIT_LOC_STRINGS = YES;
				VALIDATE_PRODUCT = YES;
			};
			name = Adhoc;
		};
		EC04B7E22F78E1EB00AEE45F /* Adhoc */ = {
			isa = XCBuildConfiguration;
			buildSettings = {
				ASSETCATALOG_COMPILER_APPICON_NAME = "AppIcon-Adhoc";
				ASSETCATALOG_COMPILER_GLOBAL_ACCENT_COLOR_NAME = AccentColor;
				CODE_SIGN_ENTITLEMENTS = MangaLauncher/MangaLauncherAdhoc.entitlements;
				CODE_SIGN_STYLE = Automatic;
				CURRENT_PROJECT_VERSION = 1;
				DEVELOPMENT_ASSET_PATHS = "";
				ENABLE_PREVIEWS = YES;
				ENABLE_USER_SCRIPT_SANDBOXING = YES;
				GENERATE_INFOPLIST_FILE = YES;
				INFOPLIST_FILE = MangaLauncher/Info.plist;
				INFOPLIST_KEY_CFBundleDisplayName = "マンガ曜日 Adhoc";
				INFOPLIST_KEY_UIApplicationSceneManifest_Generation = YES;
				INFOPLIST_KEY_UIApplicationSupportsIndirectInputEvents = YES;
				INFOPLIST_KEY_UILaunchScreen_Generation = YES;
				INFOPLIST_KEY_UISupportedInterfaceOrientations_iPad = "UIInterfaceOrientationPortrait UIInterfaceOrientationPortraitUpsideDown UIInterfaceOrientationLandscapeLeft UIInterfaceOrientationLandscapeRight";
				INFOPLIST_KEY_UISupportedInterfaceOrientations_iPhone = "UIInterfaceOrientationPortrait UIInterfaceOrientationLandscapeLeft UIInterfaceOrientationLandscapeRight";
				IPHONEOS_DEPLOYMENT_TARGET = 26.0;
				LD_RUNPATH_SEARCH_PATHS = (
					"$(inherited)",
					"@executable_path/Frameworks",
				);
				MARKETING_VERSION = 2.0;
				PRODUCT_BUNDLE_IDENTIFIER = "com.mh-mobile.MangaYoubi.adhoc";
				PRODUCT_NAME = "$(TARGET_NAME)";
				SUPPORTED_PLATFORMS = "iphoneos iphonesimulator";
				SUPPORTS_MACCATALYST = NO;
				SWIFT_ACTIVE_COMPILATION_CONDITIONS = "ADHOC $(inherited)";
				SWIFT_EMIT_LOC_STRINGS = YES;
				SWIFT_VERSION = 5.0;
				TARGETED_DEVICE_FAMILY = "1,2";
				XROS_DEPLOYMENT_TARGET = 26.0;
			};
			name = Adhoc;
		};
		EC04B7E32F78E1EB00AEE45F /* Adhoc */ = {
			isa = XCBuildConfiguration;
			buildSettings = {
				ASSETCATALOG_COMPILER_GLOBAL_ACCENT_COLOR_NAME = AccentColor;
				ASSETCATALOG_COMPILER_WIDGET_BACKGROUND_COLOR_NAME = WidgetBackground;
				CLANG_ENABLE_OBJC_WEAK = NO;
				CODE_SIGN_ENTITLEMENTS = MangaWidget/MangaWidgetAdhoc.entitlements;
				CURRENT_PROJECT_VERSION = 1;
				GENERATE_INFOPLIST_FILE = YES;
				INFOPLIST_FILE = MangaWidget/Info.plist;
				INFOPLIST_KEY_CFBundleDisplayName = "マンガ曜日ウィジェット";
				INFOPLIST_KEY_NSWidgetWantsLocation = NO;
				IPHONEOS_DEPLOYMENT_TARGET = 26.0;
				LD_RUNPATH_SEARCH_PATHS = (
					"$(inherited)",
					"@executable_path/Frameworks",
					"@executable_path/../../Frameworks",
				);
				MARKETING_VERSION = 2.0;
				PRODUCT_BUNDLE_IDENTIFIER = "com.mh-mobile.MangaYoubi.adhoc.MangaWidget";
				PRODUCT_NAME = MangaWidgetExtension;
				SDKROOT = iphoneos;
				SKIP_INSTALL = YES;
				SUPPORTED_PLATFORMS = "iphoneos iphonesimulator";
				SUPPORTS_MACCATALYST = NO;
				SWIFT_ACTIVE_COMPILATION_CONDITIONS = "ADHOC $(inherited)";
				SWIFT_EMIT_LOC_STRINGS = YES;
				SWIFT_VERSION = 5.0;
				TARGETED_DEVICE_FAMILY = "1,2";
				VALIDATE_PRODUCT = YES;
				XROS_DEPLOYMENT_TARGET = 26.0;
			};
			name = Adhoc;
		};
		EC04B7E42F78E1EB00AEE45F /* Adhoc */ = {
			isa = XCBuildConfiguration;
			buildSettings = {
				CLANG_ENABLE_OBJC_WEAK = NO;
				CODE_SIGN_ENTITLEMENTS = MangaShareExtension/MangaShareExtensionAdhoc.entitlements;
				CURRENT_PROJECT_VERSION = 1;
				GENERATE_INFOPLIST_FILE = YES;
				INFOPLIST_FILE = MangaShareExtension/Info.plist;
				INFOPLIST_KEY_CFBundleDisplayName = "マンガ曜日に追加";
				IPHONEOS_DEPLOYMENT_TARGET = 26.0;
				LD_RUNPATH_SEARCH_PATHS = (
					"$(inherited)",
					"@executable_path/Frameworks",
					"@executable_path/../../Frameworks",
				);
				MARKETING_VERSION = 2.0;
				PRODUCT_BUNDLE_IDENTIFIER = "com.mh-mobile.MangaYoubi.adhoc.ShareExtension";
				PRODUCT_NAME = "$(TARGET_NAME)";
				SDKROOT = iphoneos;
				SKIP_INSTALL = YES;
				SWIFT_ACTIVE_COMPILATION_CONDITIONS = "ADHOC $(inherited)";
				SWIFT_VERSION = 5.0;
				VALIDATE_PRODUCT = YES;
			};
			name = Adhoc;
		};
/* End XCBuildConfiguration section */

/* Begin XCConfigurationList section */
		A8000001 /* Build configuration list for PBXProject "MangaLauncher" */ = {
			isa = XCConfigurationList;
			buildConfigurations = (
				A8000011 /* Debug */,
				A8000012 /* Release */,
				EC04B7E12F78E1EB00AEE45F /* Adhoc */,
			);
			defaultConfigurationIsVisible = 0;
			defaultConfigurationName = Release;
		};
		A8000003 /* Build configuration list for PBXNativeTarget "MangaLauncher" */ = {
			isa = XCConfigurationList;
			buildConfigurations = (
				A8000021 /* Debug */,
				A8000022 /* Release */,
				EC04B7E22F78E1EB00AEE45F /* Adhoc */,
			);
			defaultConfigurationIsVisible = 0;
			defaultConfigurationName = Release;
		};
		C492A5A9C7215F7D6BA27D3C /* Build configuration list for PBXNativeTarget "MangaWidgetExtension" */ = {
			isa = XCConfigurationList;
			buildConfigurations = (
				4C3CE3D01E543D77F45B0028 /* Release */,
				EC04B7E32F78E1EB00AEE45F /* Adhoc */,
				8B2A5BDF846A85B09DC9BF42 /* Debug */,
			);
			defaultConfigurationIsVisible = 0;
			defaultConfigurationName = Release;
		};
		FE8463329D1070F2E155C21B /* Build configuration list for PBXNativeTarget "MangaShareExtension" */ = {
			isa = XCConfigurationList;
			buildConfigurations = (
				E6A5577DC48883C5B9556E0F /* Release */,
				EC04B7E42F78E1EB00AEE45F /* Adhoc */,
				7B7F266E08FAC90BAC1C1817 /* Debug */,
			);
			defaultConfigurationIsVisible = 0;
			defaultConfigurationName = Release;
		};
/* End XCConfigurationList section */

/* Begin XCLocalSwiftPackageReference section */
		ECFEA76B2F7B80DB00CE4DC0 /* XCLocalSwiftPackageReference "Packages/WallpaperKit" */ = {
			isa = XCLocalSwiftPackageReference;
			relativePath = Packages/WallpaperKit;
		};
		ECFEA76E2F7B8A9A00CE4DC0 /* XCLocalSwiftPackageReference "Packages/PlatformKit" */ = {
			isa = XCLocalSwiftPackageReference;
			relativePath = Packages/PlatformKit;
		};
		ECFEA7752F7B8B9400CE4DC0 /* XCLocalSwiftPackageReference "Packages/OGPKit" */ = {
			isa = XCLocalSwiftPackageReference;
			relativePath = Packages/OGPKit;
		};
		ECFEA7782F7B8BAE00CE4DC0 /* XCLocalSwiftPackageReference "Packages/MangaExtractorKit" */ = {
			isa = XCLocalSwiftPackageReference;
			relativePath = Packages/MangaExtractorKit;
		};
		ECFEA77F2F7B8D0700CE4DC0 /* XCLocalSwiftPackageReference "Packages/CloudSyncKit" */ = {
			isa = XCLocalSwiftPackageReference;
			relativePath = Packages/CloudSyncKit;
		};
		ECFEA7822F7B8D1B00CE4DC0 /* XCLocalSwiftPackageReference "Packages/NotificationKit" */ = {
			isa = XCLocalSwiftPackageReference;
			relativePath = Packages/NotificationKit;
		};
/* End XCLocalSwiftPackageReference section */

/* Begin XCRemoteSwiftPackageReference section */
		ECA66F792F6EAEE10096B6E5 /* XCRemoteSwiftPackageReference "Mantis" */ = {
			isa = XCRemoteSwiftPackageReference;
			repositoryURL = "https://github.com/guoyingtao/Mantis.git";
			requirement = {
				kind = upToNextMajorVersion;
				minimumVersion = 1.7.5;
			};
		};
/* End XCRemoteSwiftPackageReference section */

/* Begin XCSwiftPackageProductDependency section */
		ECA66F7A2F6EAEE10096B6E5 /* Mantis */ = {
			isa = XCSwiftPackageProductDependency;
			package = ECA66F792F6EAEE10096B6E5 /* XCRemoteSwiftPackageReference "Mantis" */;
			productName = Mantis;
		};
		ECFEA76C2F7B80DB00CE4DC0 /* WallpaperKit */ = {
			isa = XCSwiftPackageProductDependency;
			productName = WallpaperKit;
		};
		ECFEA76F2F7B8A9A00CE4DC0 /* PlatformKit */ = {
			isa = XCSwiftPackageProductDependency;
			productName = PlatformKit;
		};
		ECFEA7712F7B8AAF00CE4DC0 /* PlatformKit */ = {
			isa = XCSwiftPackageProductDependency;
			package = ECFEA76E2F7B8A9A00CE4DC0 /* XCLocalSwiftPackageReference "Packages/PlatformKit" */;
			productName = PlatformKit;
		};
		ECFEA7732F7B8AB700CE4DC0 /* PlatformKit */ = {
			isa = XCSwiftPackageProductDependency;
			package = ECFEA76E2F7B8A9A00CE4DC0 /* XCLocalSwiftPackageReference "Packages/PlatformKit" */;
			productName = PlatformKit;
		};
		ECFEA7762F7B8B9500CE4DC0 /* OGPKit */ = {
			isa = XCSwiftPackageProductDependency;
			productName = OGPKit;
		};
		ECFEA7792F7B8BAE00CE4DC0 /* MangaExtractorKit */ = {
			isa = XCSwiftPackageProductDependency;
			productName = MangaExtractorKit;
		};
		ECFEA77B2F7B8BBD00CE4DC0 /* OGPKit */ = {
			isa = XCSwiftPackageProductDependency;
			package = ECFEA7752F7B8B9400CE4DC0 /* XCLocalSwiftPackageReference "Packages/OGPKit" */;
			productName = OGPKit;
		};
		ECFEA77D2F7B8BC200CE4DC0 /* MangaExtractorKit */ = {
			isa = XCSwiftPackageProductDependency;
			package = ECFEA7782F7B8BAE00CE4DC0 /* XCLocalSwiftPackageReference "Packages/MangaExtractorKit" */;
			productName = MangaExtractorKit;
		};
		ECFEA7802F7B8D0700CE4DC0 /* CloudSyncKit */ = {
			isa = XCSwiftPackageProductDependency;
			productName = CloudSyncKit;
		};
		ECFEA7832F7B8D1B00CE4DC0 /* NotificationKit */ = {
			isa = XCSwiftPackageProductDependency;
			productName = NotificationKit;
		};
/* End XCSwiftPackageProductDependency section */
	};
	rootObject = A9000001 /* Project object */;
}
