// !$*UTF8*$!
{
	archiveVersion = 1;
	classes = {
	};
	objectVersion = 56;
	objects = {

/* Begin PBXBuildFile section */
		07DC3626A7CCE68BC3104819 /* MangaExtractor.swift in Sources */ = {isa = PBXBuildFile; fileRef = 8B138E27E85232B142C3EE04 /* MangaExtractor.swift */; };
		0AD569E2465106D7BC72914B /* PlatformHelpers.swift in Sources */ = {isa = PBXBuildFile; fileRef = CDD9A4D8748B9496E85A2A67 /* PlatformHelpers.swift */; };
		0F66A6093327A5A5BD16B10F /* Foundation.framework in Frameworks */ = {isa = PBXBuildFile; fileRef = E7D977DE254FB1F216740BE6 /* Foundation.framework */; };
		125D8CEEBC201DD7B9C5BCE3 /* ShareExtensionView.swift in Sources */ = {isa = PBXBuildFile; fileRef = 358605C94F78CC23682FF911 /* ShareExtensionView.swift */; };
		2AA2BDFC2D4CFE5BF3F85D4A /* DataMigration.swift in Sources */ = {isa = PBXBuildFile; fileRef = 1CF568E5CBBFA07B55373C73 /* DataMigration.swift */; };
		3650352634B47DCA879C45C1 /* ChangeDayIntent.swift in Sources */ = {isa = PBXBuildFile; fileRef = 4117777580B33705902FA67A /* ChangeDayIntent.swift */; };
		39725E0E00E8E4FE9F2A7FF2 /* UniformTypeIdentifiers.framework in Frameworks */ = {isa = PBXBuildFile; fileRef = BB770326E8D34706AF8B81EC /* UniformTypeIdentifiers.framework */; };
		3E27882FDDEB43FF0F253020 /* BackupData.swift in Sources */ = {isa = PBXBuildFile; fileRef = 3AFF912AECB7C6B219DD1600 /* BackupData.swift */; };
		4064491CAC92BFC4CAEA647C /* MangaWidget.swift in Sources */ = {isa = PBXBuildFile; fileRef = 7EFDC883F33BA3C119960C0B /* MangaWidget.swift */; };
		41369B8CB93B8617E31CAA59 /* MangaWidgetExtension.appex in Embed Foundation Extensions */ = {isa = PBXBuildFile; fileRef = 501DFBA332C24E2F563C81D7 /* MangaWidgetExtension.appex */; settings = {ATTRIBUTES = (RemoveHeadersOnCopy, ); }; };
		431F2DADE5A1315BB2611590 /* MangaEntry.swift in Sources */ = {isa = PBXBuildFile; fileRef = A2000002 /* MangaEntry.swift */; };
		44C9D49EEE5421D509FDEC7C /* SwiftUI.framework in Frameworks */ = {isa = PBXBuildFile; fileRef = 90F26F2E86530882A39954F6 /* SwiftUI.framework */; };
		45F5A38A61E6E779064A1E6F /* PlatformHelpers.swift in Sources */ = {isa = PBXBuildFile; fileRef = CDD9A4D8748B9496E85A2A67 /* PlatformHelpers.swift */; };
		4913D9B7564F39C42E8E5207 /* ShareViewController.swift in Sources */ = {isa = PBXBuildFile; fileRef = 39DE3D6D992FBD1015ED0769 /* ShareViewController.swift */; };
		4975296B405867976ADBBA9F /* SharedModelContainer.swift in Sources */ = {isa = PBXBuildFile; fileRef = 9C7FA9735199D021E15CEED8 /* SharedModelContainer.swift */; };
		63696DAFAE55A61EC72070CA /* MangaEntry.swift in Sources */ = {isa = PBXBuildFile; fileRef = A2000002 /* MangaEntry.swift */; };
		8EB2571B46FB5E9E702EAC1B /* MangaShareExtension.appex in Embed Foundation Extensions */ = {isa = PBXBuildFile; fileRef = 40221490621705DE4B77F085 /* MangaShareExtension.appex */; settings = {ATTRIBUTES = (RemoveHeadersOnCopy, ); }; };
		9DE770763D908488F176AF20 /* SwiftUI.framework in Frameworks */ = {isa = PBXBuildFile; fileRef = 68E247987CED890FF8E2D6A1 /* SwiftUI.framework */; };
		A1000001 /* MangaLauncherApp.swift in Sources */ = {isa = PBXBuildFile; fileRef = A2000001 /* MangaLauncherApp.swift */; };
		A1000002 /* MangaEntry.swift in Sources */ = {isa = PBXBuildFile; fileRef = A2000002 /* MangaEntry.swift */; };
		A1000003 /* MangaViewModel.swift in Sources */ = {isa = PBXBuildFile; fileRef = A2000003 /* MangaViewModel.swift */; };
		A1000004 /* ContentView.swift in Sources */ = {isa = PBXBuildFile; fileRef = A2000004 /* ContentView.swift */; };
		A1000005 /* EditEntryView.swift in Sources */ = {isa = PBXBuildFile; fileRef = A2000005 /* EditEntryView.swift */; };
		A1000006 /* Assets.xcassets in Resources */ = {isa = PBXBuildFile; fileRef = A2000006 /* Assets.xcassets */; };
		A1A8B2ACB18D6E541985F304 /* MasonryLayout.swift in Sources */ = {isa = PBXBuildFile; fileRef = 96C7D9E283FFCADD60181726 /* MasonryLayout.swift */; };
		AA1A443BC272B614249A8616 /* MangaExtractor.swift in Sources */ = {isa = PBXBuildFile; fileRef = 8B138E27E85232B142C3EE04 /* MangaExtractor.swift */; };
		B26E164ECFAC0FC6A4B39CC6 /* SharedModelContainer.swift in Sources */ = {isa = PBXBuildFile; fileRef = 9C7FA9735199D021E15CEED8 /* SharedModelContainer.swift */; };
		BA7DD3DF9519EF632F306D36 /* OGPImageFetcher.swift in Sources */ = {isa = PBXBuildFile; fileRef = 9992960F4542D9303A849505 /* OGPImageFetcher.swift */; };
		C6C5CFFF9326B9E91FED309D /* OGPImageFetcher.swift in Sources */ = {isa = PBXBuildFile; fileRef = 9992960F4542D9303A849505 /* OGPImageFetcher.swift */; };
		D43D0695E7E3840F3142A594 /* SettingsView.swift in Sources */ = {isa = PBXBuildFile; fileRef = 0CDE508C489E5FAA3881A522 /* SettingsView.swift */; };
		D500BDE07E6FE7D0E0396EA7 /* PlatformHelpers.swift in Sources */ = {isa = PBXBuildFile; fileRef = CDD9A4D8748B9496E85A2A67 /* PlatformHelpers.swift */; };
		E79C1EBA2299356887386C0C /* SharedModelContainer.swift in Sources */ = {isa = PBXBuildFile; fileRef = 9C7FA9735199D021E15CEED8 /* SharedModelContainer.swift */; };
		EB0EDF1F28050F1FBD0AC968 /* WidgetKit.framework in Frameworks */ = {isa = PBXBuildFile; fileRef = 23E67B082915C8518CC0A973 /* WidgetKit.framework */; };
		ECCD2FCE2F65596900BF3309 /* PublisherPickerView.swift in Sources */ = {isa = PBXBuildFile; fileRef = ECCD2FCD2F65596900BF3309 /* PublisherPickerView.swift */; };
		F8659628D6F745CA942803EB /* Foundation.framework in Frameworks */ = {isa = PBXBuildFile; fileRef = E7D977DE254FB1F216740BE6 /* Foundation.framework */; };
/* End PBXBuildFile section */

/* Begin PBXContainerItemProxy section */
		30E74535BF36E4FABCA6FDF4 /* PBXContainerItemProxy */ = {
			isa = PBXContainerItemProxy;
			containerPortal = A9000001 /* Project object */;
			proxyType = 1;
			remoteGlobalIDString = 5FBC8C7A2666619916A9F0CE;
			remoteInfo = MangaWidgetExtension;
		};
		D87F2237BBD28B29C42758FB /* PBXContainerItemProxy */ = {
			isa = PBXContainerItemProxy;
			containerPortal = A9000001 /* Project object */;
			proxyType = 1;
			remoteGlobalIDString = 7FDCBA7706DE62E5394731BA;
			remoteInfo = MangaShareExtension;
		};
/* End PBXContainerItemProxy section */

/* Begin PBXCopyFilesBuildPhase section */
		6E69757BEDB8E982DA779A62 /* Embed Foundation Extensions */ = {
			isa = PBXCopyFilesBuildPhase;
			buildActionMask = 2147483647;
			dstPath = "";
			dstSubfolderSpec = 13;
			files = (
				41369B8CB93B8617E31CAA59 /* MangaWidgetExtension.appex in Embed Foundation Extensions */,
				8EB2571B46FB5E9E702EAC1B /* MangaShareExtension.appex in Embed Foundation Extensions */,
			);
			name = "Embed Foundation Extensions";
			runOnlyForDeploymentPostprocessing = 0;
		};
/* End PBXCopyFilesBuildPhase section */

/* Begin PBXFileReference section */
		0557E9481117CB9F8B903947 /* Info.plist */ = {isa = PBXFileReference; includeInIndex = 1; lastKnownFileType = text.plist.xml; path = Info.plist; sourceTree = "<group>"; };
		0CDE508C489E5FAA3881A522 /* SettingsView.swift */ = {isa = PBXFileReference; includeInIndex = 1; lastKnownFileType = sourcecode.swift; path = SettingsView.swift; sourceTree = "<group>"; };
		1CF568E5CBBFA07B55373C73 /* DataMigration.swift */ = {isa = PBXFileReference; includeInIndex = 1; lastKnownFileType = sourcecode.swift; path = DataMigration.swift; sourceTree = "<group>"; };
		23E67B082915C8518CC0A973 /* WidgetKit.framework */ = {isa = PBXFileReference; lastKnownFileType = wrapper.framework; name = WidgetKit.framework; path = System/Library/Frameworks/WidgetKit.framework; sourceTree = SDKROOT; };
		358605C94F78CC23682FF911 /* ShareExtensionView.swift */ = {isa = PBXFileReference; includeInIndex = 1; lastKnownFileType = sourcecode.swift; path = ShareExtensionView.swift; sourceTree = "<group>"; };
		39DE3D6D992FBD1015ED0769 /* ShareViewController.swift */ = {isa = PBXFileReference; includeInIndex = 1; lastKnownFileType = sourcecode.swift; path = ShareViewController.swift; sourceTree = "<group>"; };
		3AFF912AECB7C6B219DD1600 /* BackupData.swift */ = {isa = PBXFileReference; includeInIndex = 1; lastKnownFileType = sourcecode.swift; path = BackupData.swift; sourceTree = "<group>"; };
		40221490621705DE4B77F085 /* MangaShareExtension.appex */ = {isa = PBXFileReference; explicitFileType = "wrapper.app-extension"; includeInIndex = 0; name = MangaShareExtension.appex; path = MangaShareExtension.appex; sourceTree = BUILT_PRODUCTS_DIR; };
		4117777580B33705902FA67A /* ChangeDayIntent.swift */ = {isa = PBXFileReference; includeInIndex = 1; lastKnownFileType = sourcecode.swift; path = ChangeDayIntent.swift; sourceTree = "<group>"; };
		501DFBA332C24E2F563C81D7 /* MangaWidgetExtension.appex */ = {isa = PBXFileReference; explicitFileType = "wrapper.app-extension"; includeInIndex = 0; path = MangaWidgetExtension.appex; sourceTree = BUILT_PRODUCTS_DIR; };
		68E247987CED890FF8E2D6A1 /* SwiftUI.framework */ = {isa = PBXFileReference; lastKnownFileType = wrapper.framework; name = SwiftUI.framework; path = System/Library/Frameworks/SwiftUI.framework; sourceTree = SDKROOT; };
		7EFDC883F33BA3C119960C0B /* MangaWidget.swift */ = {isa = PBXFileReference; includeInIndex = 1; lastKnownFileType = sourcecode.swift; path = MangaWidget.swift; sourceTree = "<group>"; };
		8B138E27E85232B142C3EE04 /* MangaExtractor.swift */ = {isa = PBXFileReference; includeInIndex = 1; lastKnownFileType = sourcecode.swift; path = MangaExtractor.swift; sourceTree = "<group>"; };
		90F26F2E86530882A39954F6 /* SwiftUI.framework */ = {isa = PBXFileReference; lastKnownFileType = wrapper.framework; name = SwiftUI.framework; path = System/Library/Frameworks/SwiftUI.framework; sourceTree = SDKROOT; };
		96C7D9E283FFCADD60181726 /* MasonryLayout.swift */ = {isa = PBXFileReference; includeInIndex = 1; lastKnownFileType = sourcecode.swift; path = MasonryLayout.swift; sourceTree = "<group>"; };
		9992960F4542D9303A849505 /* OGPImageFetcher.swift */ = {isa = PBXFileReference; includeInIndex = 1; lastKnownFileType = sourcecode.swift; path = OGPImageFetcher.swift; sourceTree = "<group>"; };
		9C7FA9735199D021E15CEED8 /* SharedModelContainer.swift */ = {isa = PBXFileReference; includeInIndex = 1; lastKnownFileType = sourcecode.swift; path = SharedModelContainer.swift; sourceTree = "<group>"; };
		9E18CC353D62E01CB4A12BC8 /* Info.plist */ = {isa = PBXFileReference; includeInIndex = 1; lastKnownFileType = text.plist.xml; path = Info.plist; sourceTree = "<group>"; };
		A2000001 /* MangaLauncherApp.swift */ = {isa = PBXFileReference; lastKnownFileType = sourcecode.swift; path = MangaLauncherApp.swift; sourceTree = "<group>"; };
		A2000002 /* MangaEntry.swift */ = {isa = PBXFileReference; lastKnownFileType = sourcecode.swift; path = MangaEntry.swift; sourceTree = "<group>"; };
		A2000003 /* MangaViewModel.swift */ = {isa = PBXFileReference; lastKnownFileType = sourcecode.swift; path = MangaViewModel.swift; sourceTree = "<group>"; };
		A2000004 /* ContentView.swift */ = {isa = PBXFileReference; lastKnownFileType = sourcecode.swift; path = ContentView.swift; sourceTree = "<group>"; };
		A2000005 /* EditEntryView.swift */ = {isa = PBXFileReference; lastKnownFileType = sourcecode.swift; path = EditEntryView.swift; sourceTree = "<group>"; };
		A2000006 /* Assets.xcassets */ = {isa = PBXFileReference; lastKnownFileType = folder.assetcatalog; path = Assets.xcassets; sourceTree = "<group>"; };
		A3000001 /* MangaLauncher.app */ = {isa = PBXFileReference; explicitFileType = wrapper.application; includeInIndex = 0; path = MangaLauncher.app; sourceTree = BUILT_PRODUCTS_DIR; };
		A576F9BEFBD3B37AA9275FAB /* MangaWidget.entitlements */ = {isa = PBXFileReference; includeInIndex = 1; lastKnownFileType = text.plist.entitlements; path = MangaWidget.entitlements; sourceTree = "<group>"; };
		BB770326E8D34706AF8B81EC /* UniformTypeIdentifiers.framework */ = {isa = PBXFileReference; lastKnownFileType = wrapper.framework; name = UniformTypeIdentifiers.framework; path = System/Library/Frameworks/UniformTypeIdentifiers.framework; sourceTree = SDKROOT; };
		BC0276ADB2A6EFEC185148CA /* Info.plist */ = {isa = PBXFileReference; includeInIndex = 1; lastKnownFileType = text.plist.xml; path = Info.plist; sourceTree = "<group>"; };
		CDD9A4D8748B9496E85A2A67 /* PlatformHelpers.swift */ = {isa = PBXFileReference; includeInIndex = 1; lastKnownFileType = sourcecode.swift; path = PlatformHelpers.swift; sourceTree = "<group>"; };
		D899D5F8F3BA6AC39B41C8B4 /* MangaShareExtension.entitlements */ = {isa = PBXFileReference; includeInIndex = 1; lastKnownFileType = text.plist.entitlements; path = MangaShareExtension.entitlements; sourceTree = "<group>"; };
		E7D977DE254FB1F216740BE6 /* Foundation.framework */ = {isa = PBXFileReference; lastKnownFileType = wrapper.framework; name = Foundation.framework; path = Platforms/iPhoneOS.platform/Developer/SDKs/iPhoneOS14.0.sdk/System/Library/Frameworks/Foundation.framework; sourceTree = DEVELOPER_DIR; };
		ECCD2FCD2F65596900BF3309 /* PublisherPickerView.swift */ = {isa = PBXFileReference; lastKnownFileType = sourcecode.swift; path = PublisherPickerView.swift; sourceTree = "<group>"; };
		EEEF347AB79EE547A4014C35 /* MangaLauncher.entitlements */ = {isa = PBXFileReference; includeInIndex = 1; lastKnownFileType = text.plist.entitlements; path = MangaLauncher.entitlements; sourceTree = "<group>"; };
		F75AA6830F31ABE5BD81DE01 /* MangaLauncherDebug.entitlements */ = {isa = PBXFileReference; includeInIndex = 1; lastKnownFileType = text.plist.entitlements; path = MangaLauncherDebug.entitlements; sourceTree = "<group>"; };
/* End PBXFileReference section */

/* Begin PBXFrameworksBuildPhase section */
		3AF42F008FE9B752BFF76FD4 /* Frameworks */ = {
			isa = PBXFrameworksBuildPhase;
			buildActionMask = 2147483647;
			files = (
				0F66A6093327A5A5BD16B10F /* Foundation.framework in Frameworks */,
				9DE770763D908488F176AF20 /* SwiftUI.framework in Frameworks */,
				39725E0E00E8E4FE9F2A7FF2 /* UniformTypeIdentifiers.framework in Frameworks */,
			);
			runOnlyForDeploymentPostprocessing = 0;
		};
		4212DA020FAB28D526A71DF8 /* Frameworks */ = {
			isa = PBXFrameworksBuildPhase;
			buildActionMask = 2147483647;
			files = (
				F8659628D6F745CA942803EB /* Foundation.framework in Frameworks */,
				EB0EDF1F28050F1FBD0AC968 /* WidgetKit.framework in Frameworks */,
				44C9D49EEE5421D509FDEC7C /* SwiftUI.framework in Frameworks */,
			);
			runOnlyForDeploymentPostprocessing = 0;
		};
		A4000001 /* Frameworks */ = {
			isa = PBXFrameworksBuildPhase;
			buildActionMask = 2147483647;
			files = (
			);
			runOnlyForDeploymentPostprocessing = 0;
		};
/* End PBXFrameworksBuildPhase section */

/* Begin PBXGroup section */
		1464396C7EC8424773F56425 /* Frameworks */ = {
			isa = PBXGroup;
			children = (
				652221CD7BC2565EAF1244CD /* iOS */,
				23E67B082915C8518CC0A973 /* WidgetKit.framework */,
				90F26F2E86530882A39954F6 /* SwiftUI.framework */,
				68E247987CED890FF8E2D6A1 /* SwiftUI.framework */,
				BB770326E8D34706AF8B81EC /* UniformTypeIdentifiers.framework */,
			);
			name = Frameworks;
			sourceTree = "<group>";
		};
		1C15BF6E9DE64673E7194826 /* Services */ = {
			isa = PBXGroup;
			children = (
				9992960F4542D9303A849505 /* OGPImageFetcher.swift */,
				8B138E27E85232B142C3EE04 /* MangaExtractor.swift */,
			);
			name = Services;
			path = Services;
			sourceTree = "<group>";
		};
		6238B354545AE6BD66DCA01C /* Helpers */ = {
			isa = PBXGroup;
			children = (
				CDD9A4D8748B9496E85A2A67 /* PlatformHelpers.swift */,
			);
			path = Helpers;
			sourceTree = "<group>";
		};
		652221CD7BC2565EAF1244CD /* iOS */ = {
			isa = PBXGroup;
			children = (
				E7D977DE254FB1F216740BE6 /* Foundation.framework */,
			);
			name = iOS;
			sourceTree = "<group>";
		};
		7FA21533E6120DC94ACA4402 /* MangaShareExtension */ = {
			isa = PBXGroup;
			children = (
				39DE3D6D992FBD1015ED0769 /* ShareViewController.swift */,
				358605C94F78CC23682FF911 /* ShareExtensionView.swift */,
				0557E9481117CB9F8B903947 /* Info.plist */,
				D899D5F8F3BA6AC39B41C8B4 /* MangaShareExtension.entitlements */,
			);
			name = MangaShareExtension;
			path = MangaShareExtension;
			sourceTree = "<group>";
		};
		A5000001 = {
			isa = PBXGroup;
			children = (
				A5000002 /* MangaLauncher */,
				A5000006 /* Products */,
				1464396C7EC8424773F56425 /* Frameworks */,
				DF3BB51D5AD6175056B7293C /* MangaWidget */,
				7FA21533E6120DC94ACA4402 /* MangaShareExtension */,
			);
			sourceTree = "<group>";
		};
		A5000002 /* MangaLauncher */ = {
			isa = PBXGroup;
			children = (
				A2000001 /* MangaLauncherApp.swift */,
				A5000003 /* Models */,
				A5000004 /* Views */,
				A5000005 /* ViewModels */,
				A2000006 /* Assets.xcassets */,
				6238B354545AE6BD66DCA01C /* Helpers */,
				F40871AEA45509078C83A570 /* Shared */,
				EEEF347AB79EE547A4014C35 /* MangaLauncher.entitlements */,
				F75AA6830F31ABE5BD81DE01 /* MangaLauncherDebug.entitlements */,
				1C15BF6E9DE64673E7194826 /* Services */,
				9E18CC353D62E01CB4A12BC8 /* Info.plist */,
			);
			path = MangaLauncher;
			sourceTree = "<group>";
		};
		A5000003 /* Models */ = {
			isa = PBXGroup;
			children = (
				A2000002 /* MangaEntry.swift */,
				3AFF912AECB7C6B219DD1600 /* BackupData.swift */,
			);
			path = Models;
			sourceTree = "<group>";
		};
		A5000004 /* Views */ = {
			isa = PBXGroup;
			children = (
				ECCD2FCD2F65596900BF3309 /* PublisherPickerView.swift */,
				A2000004 /* ContentView.swift */,
				A2000005 /* EditEntryView.swift */,
				0CDE508C489E5FAA3881A522 /* SettingsView.swift */,
				96C7D9E283FFCADD60181726 /* MasonryLayout.swift */,
			);
			path = Views;
			sourceTree = "<group>";
		};
		A5000005 /* ViewModels */ = {
			isa = PBXGroup;
			children = (
				A2000003 /* MangaViewModel.swift */,
			);
			path = ViewModels;
			sourceTree = "<group>";
		};
		A5000006 /* Products */ = {
			isa = PBXGroup;
			children = (
				A3000001 /* MangaLauncher.app */,
				501DFBA332C24E2F563C81D7 /* MangaWidgetExtension.appex */,
				40221490621705DE4B77F085 /* MangaShareExtension.appex */,
			);
			name = Products;
			sourceTree = "<group>";
		};
		DF3BB51D5AD6175056B7293C /* MangaWidget */ = {
			isa = PBXGroup;
			children = (
				7EFDC883F33BA3C119960C0B /* MangaWidget.swift */,
				A576F9BEFBD3B37AA9275FAB /* MangaWidget.entitlements */,
				BC0276ADB2A6EFEC185148CA /* Info.plist */,
				4117777580B33705902FA67A /* ChangeDayIntent.swift */,
			);
			path = MangaWidget;
			sourceTree = "<group>";
		};
		F40871AEA45509078C83A570 /* Shared */ = {
			isa = PBXGroup;
			children = (
				9C7FA9735199D021E15CEED8 /* SharedModelContainer.swift */,
				1CF568E5CBBFA07B55373C73 /* DataMigration.swift */,
			);
			path = Shared;
			sourceTree = "<group>";
		};
/* End PBXGroup section */

/* Begin PBXNativeTarget section */
		5FBC8C7A2666619916A9F0CE /* MangaWidgetExtension */ = {
			isa = PBXNativeTarget;
			buildConfigurationList = C492A5A9C7215F7D6BA27D3C /* Build configuration list for PBXNativeTarget "MangaWidgetExtension" */;
			buildPhases = (
				126D8EA84FDE4297B3323E1C /* Sources */,
				4212DA020FAB28D526A71DF8 /* Frameworks */,
				C5489B90EE9B0D032E034AEE /* Resources */,
			);
			buildRules = (
			);
			dependencies = (
			);
			name = MangaWidgetExtension;
			productName = MangaWidgetExtension;
			productReference = 501DFBA332C24E2F563C81D7 /* MangaWidgetExtension.appex */;
			productType = "com.apple.product-type.app-extension";
		};
		7FDCBA7706DE62E5394731BA /* MangaShareExtension */ = {
			isa = PBXNativeTarget;
			buildConfigurationList = FE8463329D1070F2E155C21B /* Build configuration list for PBXNativeTarget "MangaShareExtension" */;
			buildPhases = (
				54EDA4936B126B9BE703E963 /* Sources */,
				3AF42F008FE9B752BFF76FD4 /* Frameworks */,
				96ACCA677C341A215F8B7576 /* Resources */,
			);
			buildRules = (
			);
			dependencies = (
			);
			name = MangaShareExtension;
			productName = MangaShareExtension;
			productReference = 40221490621705DE4B77F085 /* MangaShareExtension.appex */;
			productType = "com.apple.product-type.app-extension";
		};
		A6000001 /* MangaLauncher */ = {
			isa = PBXNativeTarget;
			buildConfigurationList = A8000003 /* Build configuration list for PBXNativeTarget "MangaLauncher" */;
			buildPhases = (
				A7000001 /* Sources */,
				A4000001 /* Frameworks */,
				A7000002 /* Resources */,
				6E69757BEDB8E982DA779A62 /* Embed Foundation Extensions */,
			);
			buildRules = (
			);
			dependencies = (
				B34D44C0D231F297C83AE537 /* PBXTargetDependency */,
				4A92E4F4FD60BA945CC91EA6 /* PBXTargetDependency */,
			);
			name = MangaLauncher;
			productName = MangaLauncher;
			productReference = A3000001 /* MangaLauncher.app */;
			productType = "com.apple.product-type.application";
		};
/* End PBXNativeTarget section */

/* Begin PBXProject section */
		A9000001 /* Project object */ = {
			isa = PBXProject;
			attributes = {
				BuildIndependentTargetsInParallel = 1;
				LastSwiftUpdateCheck = 1500;
				LastUpgradeCheck = 1500;
				TargetAttributes = {
					A6000001 = {
						CreatedOnToolsVersion = 15.0;
					};
				};
			};
			buildConfigurationList = A8000001 /* Build configuration list for PBXProject "MangaLauncher" */;
			compatibilityVersion = "Xcode 14.0";
			developmentRegion = ja;
			hasScannedForEncodings = 0;
			knownRegions = (
				en,
				Base,
				ja,
			);
			mainGroup = A5000001;
			productRefGroup = A5000006 /* Products */;
			projectDirPath = "";
			projectRoot = "";
			targets = (
				A6000001 /* MangaLauncher */,
				5FBC8C7A2666619916A9F0CE /* MangaWidgetExtension */,
				7FDCBA7706DE62E5394731BA /* MangaShareExtension */,
			);
		};
/* End PBXProject section */

/* Begin PBXResourcesBuildPhase section */
		96ACCA677C341A215F8B7576 /* Resources */ = {
			isa = PBXResourcesBuildPhase;
			buildActionMask = 2147483647;
			files = (
			);
			runOnlyForDeploymentPostprocessing = 0;
		};
		A7000002 /* Resources */ = {
			isa = PBXResourcesBuildPhase;
			buildActionMask = 2147483647;
			files = (
				A1000006 /* Assets.xcassets in Resources */,
			);
			runOnlyForDeploymentPostprocessing = 0;
		};
		C5489B90EE9B0D032E034AEE /* Resources */ = {
			isa = PBXResourcesBuildPhase;
			buildActionMask = 2147483647;
			files = (
			);
			runOnlyForDeploymentPostprocessing = 0;
		};
/* End PBXResourcesBuildPhase section */

/* Begin PBXSourcesBuildPhase section */
		126D8EA84FDE4297B3323E1C /* Sources */ = {
			isa = PBXSourcesBuildPhase;
			buildActionMask = 2147483647;
			files = (
				4064491CAC92BFC4CAEA647C /* MangaWidget.swift in Sources */,
				431F2DADE5A1315BB2611590 /* MangaEntry.swift in Sources */,
				E79C1EBA2299356887386C0C /* SharedModelContainer.swift in Sources */,
				D500BDE07E6FE7D0E0396EA7 /* PlatformHelpers.swift in Sources */,
				3650352634B47DCA879C45C1 /* ChangeDayIntent.swift in Sources */,
			);
			runOnlyForDeploymentPostprocessing = 0;
		};
		54EDA4936B126B9BE703E963 /* Sources */ = {
			isa = PBXSourcesBuildPhase;
			buildActionMask = 2147483647;
			files = (
				4913D9B7564F39C42E8E5207 /* ShareViewController.swift in Sources */,
				125D8CEEBC201DD7B9C5BCE3 /* ShareExtensionView.swift in Sources */,
				C6C5CFFF9326B9E91FED309D /* OGPImageFetcher.swift in Sources */,
				63696DAFAE55A61EC72070CA /* MangaEntry.swift in Sources */,
				45F5A38A61E6E779064A1E6F /* PlatformHelpers.swift in Sources */,
				B26E164ECFAC0FC6A4B39CC6 /* SharedModelContainer.swift in Sources */,
				AA1A443BC272B614249A8616 /* MangaExtractor.swift in Sources */,
			);
			runOnlyForDeploymentPostprocessing = 0;
		};
		A7000001 /* Sources */ = {
			isa = PBXSourcesBuildPhase;
			buildActionMask = 2147483647;
			files = (
				A1000001 /* MangaLauncherApp.swift in Sources */,
				ECCD2FCE2F65596900BF3309 /* PublisherPickerView.swift in Sources */,
				A1000002 /* MangaEntry.swift in Sources */,
				A1000003 /* MangaViewModel.swift in Sources */,
				A1000004 /* ContentView.swift in Sources */,
				A1000005 /* EditEntryView.swift in Sources */,
				0AD569E2465106D7BC72914B /* PlatformHelpers.swift in Sources */,
				4975296B405867976ADBBA9F /* SharedModelContainer.swift in Sources */,
				2AA2BDFC2D4CFE5BF3F85D4A /* DataMigration.swift in Sources */,
				D43D0695E7E3840F3142A594 /* SettingsView.swift in Sources */,
				3E27882FDDEB43FF0F253020 /* BackupData.swift in Sources */,
				A1A8B2ACB18D6E541985F304 /* MasonryLayout.swift in Sources */,
				BA7DD3DF9519EF632F306D36 /* OGPImageFetcher.swift in Sources */,
				07DC3626A7CCE68BC3104819 /* MangaExtractor.swift in Sources */,
			);
			runOnlyForDeploymentPostprocessing = 0;
		};
/* End PBXSourcesBuildPhase section */

/* Begin PBXTargetDependency section */
		4A92E4F4FD60BA945CC91EA6 /* PBXTargetDependency */ = {
			isa = PBXTargetDependency;
			name = MangaShareExtension;
			target = 7FDCBA7706DE62E5394731BA /* MangaShareExtension */;
			targetProxy = D87F2237BBD28B29C42758FB /* PBXContainerItemProxy */;
		};
		B34D44C0D231F297C83AE537 /* PBXTargetDependency */ = {
			isa = PBXTargetDependency;
			name = MangaWidgetExtension;
			target = 5FBC8C7A2666619916A9F0CE /* MangaWidgetExtension */;
			targetProxy = 30E74535BF36E4FABCA6FDF4 /* PBXContainerItemProxy */;
		};
/* End PBXTargetDependency section */

/* Begin XCBuildConfiguration section */
		4C3CE3D01E543D77F45B0028 /* Release */ = {
			isa = XCBuildConfiguration;
			buildSettings = {
				ASSETCATALOG_COMPILER_GLOBAL_ACCENT_COLOR_NAME = AccentColor;
				ASSETCATALOG_COMPILER_WIDGET_BACKGROUND_COLOR_NAME = WidgetBackground;
				CLANG_ENABLE_OBJC_WEAK = NO;
				CODE_SIGN_ENTITLEMENTS = MangaWidget/MangaWidget.entitlements;
				CURRENT_PROJECT_VERSION = 2;
				DEVELOPMENT_TEAM = 5XJ8CR95CK;
				GENERATE_INFOPLIST_FILE = YES;
				INFOPLIST_FILE = MangaWidget/Info.plist;
				INFOPLIST_KEY_CFBundleDisplayName = "マンガ曜日ウィジェット";
				INFOPLIST_KEY_NSWidgetWantsLocation = NO;
				IPHONEOS_DEPLOYMENT_TARGET = 26.0;
				LD_RUNPATH_SEARCH_PATHS = (
					"$(inherited)",
					"@executable_path/Frameworks",
					"@executable_path/../../Frameworks",
				);
				MARKETING_VERSION = 1.1;
				PRODUCT_BUNDLE_IDENTIFIER = "com.mh-mobile.MangaYoubi.MangaWidget";
				PRODUCT_NAME = MangaWidgetExtension;
				SDKROOT = iphoneos;
				SKIP_INSTALL = YES;
				SUPPORTED_PLATFORMS = "iphoneos iphonesimulator";
				SUPPORTS_MACCATALYST = NO;
				SWIFT_EMIT_LOC_STRINGS = YES;
				SWIFT_VERSION = 5.0;
				TARGETED_DEVICE_FAMILY = "1,2";
				VALIDATE_PRODUCT = YES;
				XROS_DEPLOYMENT_TARGET = 26.0;
			};
			name = Release;
		};
		7B7F266E08FAC90BAC1C1817 /* Debug */ = {
			isa = XCBuildConfiguration;
			buildSettings = {
				CLANG_ENABLE_OBJC_WEAK = NO;
				CODE_SIGN_ENTITLEMENTS = MangaShareExtension/MangaShareExtension.entitlements;
				CURRENT_PROJECT_VERSION = 2;
				DEVELOPMENT_TEAM = 5XJ8CR95CK;
				GENERATE_INFOPLIST_FILE = YES;
				INFOPLIST_FILE = MangaShareExtension/Info.plist;
				INFOPLIST_KEY_CFBundleDisplayName = "マンガ曜日に追加";
				IPHONEOS_DEPLOYMENT_TARGET = 26.0;
				LD_RUNPATH_SEARCH_PATHS = (
					"$(inherited)",
					"@executable_path/Frameworks",
					"@executable_path/../../Frameworks",
				);
				MARKETING_VERSION = 1.1;
				PRODUCT_BUNDLE_IDENTIFIER = "com.mh-mobile.MangaYoubi.ShareExtension";
				PRODUCT_NAME = "$(TARGET_NAME)";
				SDKROOT = iphoneos;
				SKIP_INSTALL = YES;
				SWIFT_VERSION = 5.0;
			};
			name = Debug;
		};
		8B2A5BDF846A85B09DC9BF42 /* Debug */ = {
			isa = XCBuildConfiguration;
			buildSettings = {
				ASSETCATALOG_COMPILER_GLOBAL_ACCENT_COLOR_NAME = AccentColor;
				ASSETCATALOG_COMPILER_WIDGET_BACKGROUND_COLOR_NAME = WidgetBackground;
				CLANG_ENABLE_OBJC_WEAK = NO;
				CODE_SIGN_ENTITLEMENTS = MangaWidget/MangaWidget.entitlements;
				CURRENT_PROJECT_VERSION = 2;
				DEVELOPMENT_TEAM = 5XJ8CR95CK;
				GENERATE_INFOPLIST_FILE = YES;
				INFOPLIST_FILE = MangaWidget/Info.plist;
				INFOPLIST_KEY_CFBundleDisplayName = "マンガ曜日ウィジェット";
				INFOPLIST_KEY_NSWidgetWantsLocation = NO;
				IPHONEOS_DEPLOYMENT_TARGET = 26.0;
				LD_RUNPATH_SEARCH_PATHS = (
					"$(inherited)",
					"@executable_path/Frameworks",
					"@executable_path/../../Frameworks",
				);
				MARKETING_VERSION = 1.1;
				PRODUCT_BUNDLE_IDENTIFIER = "com.mh-mobile.MangaYoubi.MangaWidget";
				PRODUCT_NAME = MangaWidgetExtension;
				SDKROOT = iphoneos;
				SKIP_INSTALL = YES;
				SUPPORTED_PLATFORMS = "iphoneos iphonesimulator";
				SUPPORTS_MACCATALYST = NO;
				SWIFT_EMIT_LOC_STRINGS = YES;
				SWIFT_VERSION = 5.0;
				TARGETED_DEVICE_FAMILY = "1,2";
				XROS_DEPLOYMENT_TARGET = 26.0;
			};
			name = Debug;
		};
		A8000011 /* Debug */ = {
			isa = XCBuildConfiguration;
			buildSettings = {
				ALWAYS_SEARCH_USER_PATHS = NO;
				ASSETCATALOG_COMPILER_GENERATE_SWIFT_ASSET_SYMBOL_EXTENSIONS = YES;
				CLANG_ANALYZER_NONNULL = YES;
				CLANG_ANALYZER_NUMBER_OBJECT_CONVERSION = YES_AGGRESSIVE;
				CLANG_CXX_LANGUAGE_STANDARD = "gnu++20";
				CLANG_ENABLE_MODULES = YES;
				CLANG_ENABLE_OBJC_ARC = YES;
				CLANG_ENABLE_OBJC_WEAK = YES;
				CLANG_WARN_BLOCK_CAPTURE_AUTORELEASING = YES;
				CLANG_WARN_BOOL_CONVERSION = YES;
				CLANG_WARN_COMMA = YES;
				CLANG_WARN_CONSTANT_CONVERSION = YES;
				CLANG_WARN_DEPRECATED_OBJC_IMPLEMENTATIONS = YES;
				CLANG_WARN_DIRECT_OBJC_ISA_USAGE = YES_ERROR;
				CLANG_WARN_DOCUMENTATION_COMMENTS = YES;
				CLANG_WARN_EMPTY_BODY = YES;
				CLANG_WARN_ENUM_CONVERSION = YES;
				CLANG_WARN_INFINITE_RECURSION = YES;
				CLANG_WARN_INT_CONVERSION = YES;
				CLANG_WARN_NON_LITERAL_NULL_CONVERSION = YES;
				CLANG_WARN_OBJC_IMPLICIT_RETAIN_SELF = YES;
				CLANG_WARN_OBJC_LITERAL_CONVERSION = YES;
				CLANG_WARN_OBJC_ROOT_CLASS = YES_ERROR;
				CLANG_WARN_QUOTED_INCLUDE_IN_FRAMEWORK_HEADER = YES;
				CLANG_WARN_RANGE_LOOP_ANALYSIS = YES;
				CLANG_WARN_STRICT_PROTOTYPES = YES;
				CLANG_WARN_SUSPICIOUS_MOVE = YES;
				CLANG_WARN_UNGUARDED_AVAILABILITY = YES_AGGRESSIVE;
				CLANG_WARN_UNREACHABLE_CODE = YES;
				CLANG_WARN__DUPLICATE_METHOD_MATCH = YES;
				COPY_PHASE_STRIP = NO;
				DEBUG_INFORMATION_FORMAT = dwarf;
				ENABLE_STRICT_OBJC_MSGSEND = YES;
				ENABLE_TESTABILITY = YES;
				ENABLE_USER_SCRIPT_SANDBOXING = YES;
				GCC_C_LANGUAGE_STANDARD = gnu17;
				GCC_DYNAMIC_NO_PIC = NO;
				GCC_NO_COMMON_BLOCKS = YES;
				GCC_OPTIMIZATION_LEVEL = 0;
				GCC_PREPROCESSOR_DEFINITIONS = (
					"DEBUG=1",
					"$(inherited)",
				);
				GCC_WARN_64_TO_32_BIT_CONVERSION = YES;
				GCC_WARN_ABOUT_RETURN_TYPE = YES_ERROR;
				GCC_WARN_UNDECLARED_SELECTOR = YES;
				GCC_WARN_UNINITIALIZED_AUTOS = YES_AGGRESSIVE;
				GCC_WARN_UNUSED_FUNCTION = YES;
				GCC_WARN_UNUSED_VARIABLE = YES;
				IPHONEOS_DEPLOYMENT_TARGET = 26.0;
				MTL_ENABLE_DEBUG_INFO = INCLUDE_SOURCE;
				MTL_FAST_MATH = YES;
				ONLY_ACTIVE_ARCH = YES;
				SDKROOT = iphoneos;
				SWIFT_ACTIVE_COMPILATION_CONDITIONS = "DEBUG $(inherited)";
				SWIFT_OPTIMIZATION_LEVEL = "-Onone";
			};
			name = Debug;
		};
		A8000012 /* Release */ = {
			isa = XCBuildConfiguration;
			buildSettings = {
				ALWAYS_SEARCH_USER_PATHS = NO;
				ASSETCATALOG_COMPILER_GENERATE_SWIFT_ASSET_SYMBOL_EXTENSIONS = YES;
				CLANG_ANALYZER_NONNULL = YES;
				CLANG_ANALYZER_NUMBER_OBJECT_CONVERSION = YES_AGGRESSIVE;
				CLANG_CXX_LANGUAGE_STANDARD = "gnu++20";
				CLANG_ENABLE_MODULES = YES;
				CLANG_ENABLE_OBJC_ARC = YES;
				CLANG_ENABLE_OBJC_WEAK = YES;
				CLANG_WARN_BLOCK_CAPTURE_AUTORELEASING = YES;
				CLANG_WARN_BOOL_CONVERSION = YES;
				CLANG_WARN_COMMA = YES;
				CLANG_WARN_CONSTANT_CONVERSION = YES;
				CLANG_WARN_DEPRECATED_OBJC_IMPLEMENTATIONS = YES;
				CLANG_WARN_DIRECT_OBJC_ISA_USAGE = YES_ERROR;
				CLANG_WARN_DOCUMENTATION_COMMENTS = YES;
				CLANG_WARN_EMPTY_BODY = YES;
				CLANG_WARN_ENUM_CONVERSION = YES;
				CLANG_WARN_INFINITE_RECURSION = YES;
				CLANG_WARN_INT_CONVERSION = YES;
				CLANG_WARN_NON_LITERAL_NULL_CONVERSION = YES;
				CLANG_WARN_OBJC_IMPLICIT_RETAIN_SELF = YES;
				CLANG_WARN_OBJC_LITERAL_CONVERSION = YES;
				CLANG_WARN_OBJC_ROOT_CLASS = YES_ERROR;
				CLANG_WARN_QUOTED_INCLUDE_IN_FRAMEWORK_HEADER = YES;
				CLANG_WARN_RANGE_LOOP_ANALYSIS = YES;
				CLANG_WARN_STRICT_PROTOTYPES = YES;
				CLANG_WARN_SUSPICIOUS_MOVE = YES;
				CLANG_WARN_UNGUARDED_AVAILABILITY = YES_AGGRESSIVE;
				CLANG_WARN_UNREACHABLE_CODE = YES;
				CLANG_WARN__DUPLICATE_METHOD_MATCH = YES;
				COPY_PHASE_STRIP = NO;
				DEBUG_INFORMATION_FORMAT = "dwarf-with-dsym";
				ENABLE_NS_ASSERTIONS = NO;
				ENABLE_STRICT_OBJC_MSGSEND = YES;
				ENABLE_USER_SCRIPT_SANDBOXING = YES;
				GCC_C_LANGUAGE_STANDARD = gnu17;
				GCC_NO_COMMON_BLOCKS = YES;
				GCC_WARN_64_TO_32_BIT_CONVERSION = YES;
				GCC_WARN_ABOUT_RETURN_TYPE = YES_ERROR;
				GCC_WARN_UNDECLARED_SELECTOR = YES;
				GCC_WARN_UNINITIALIZED_AUTOS = YES_AGGRESSIVE;
				GCC_WARN_UNUSED_FUNCTION = YES;
				GCC_WARN_UNUSED_VARIABLE = YES;
				IPHONEOS_DEPLOYMENT_TARGET = 26.0;
				MTL_ENABLE_DEBUG_INFO = NO;
				MTL_FAST_MATH = YES;
				SDKROOT = iphoneos;
				SWIFT_COMPILATION_MODE = wholemodule;
				VALIDATE_PRODUCT = YES;
			};
			name = Release;
		};
		A8000021 /* Debug */ = {
			isa = XCBuildConfiguration;
			buildSettings = {
				ASSETCATALOG_COMPILER_APPICON_NAME = AppIcon;
				ASSETCATALOG_COMPILER_GLOBAL_ACCENT_COLOR_NAME = AccentColor;
				CODE_SIGN_ENTITLEMENTS = MangaLauncher/MangaLauncherDebug.entitlements;
				CODE_SIGN_STYLE = Automatic;
				CURRENT_PROJECT_VERSION = 2;
				DEVELOPMENT_ASSET_PATHS = "";
				DEVELOPMENT_TEAM = 5XJ8CR95CK;
				ENABLE_PREVIEWS = YES;
				GENERATE_INFOPLIST_FILE = YES;
				INFOPLIST_FILE = MangaLauncher/Info.plist;
				INFOPLIST_KEY_CFBundleDisplayName = "マンガ曜日";
				INFOPLIST_KEY_UIApplicationSceneManifest_Generation = YES;
				INFOPLIST_KEY_UIApplicationSupportsIndirectInputEvents = YES;
				INFOPLIST_KEY_UILaunchScreen_Generation = YES;
				INFOPLIST_KEY_UISupportedInterfaceOrientations_iPad = "UIInterfaceOrientationPortrait UIInterfaceOrientationPortraitUpsideDown UIInterfaceOrientationLandscapeLeft UIInterfaceOrientationLandscapeRight";
				INFOPLIST_KEY_UISupportedInterfaceOrientations_iPhone = "UIInterfaceOrientationPortrait UIInterfaceOrientationLandscapeLeft UIInterfaceOrientationLandscapeRight";
				IPHONEOS_DEPLOYMENT_TARGET = 26.0;
				LD_RUNPATH_SEARCH_PATHS = (
					"$(inherited)",
					"@executable_path/Frameworks",
				);
				MARKETING_VERSION = 1.1;
				PRODUCT_BUNDLE_IDENTIFIER = "com.mh-mobile.MangaYoubi";
				PRODUCT_NAME = "$(TARGET_NAME)";
				SUPPORTED_PLATFORMS = "iphoneos iphonesimulator";
				SUPPORTS_MACCATALYST = NO;
				SWIFT_EMIT_LOC_STRINGS = YES;
				SWIFT_VERSION = 5.0;
				TARGETED_DEVICE_FAMILY = "1,2";
				XROS_DEPLOYMENT_TARGET = 26.0;
			};
			name = Debug;
		};
		A8000022 /* Release */ = {
			isa = XCBuildConfiguration;
			buildSettings = {
				ASSETCATALOG_COMPILER_APPICON_NAME = AppIcon;
				ASSETCATALOG_COMPILER_GLOBAL_ACCENT_COLOR_NAME = AccentColor;
				CODE_SIGN_ENTITLEMENTS = MangaLauncher/MangaLauncher.entitlements;
				CODE_SIGN_STYLE = Automatic;
				CURRENT_PROJECT_VERSION = 2;
				DEVELOPMENT_ASSET_PATHS = "";
				DEVELOPMENT_TEAM = 5XJ8CR95CK;
				ENABLE_PREVIEWS = YES;
				GENERATE_INFOPLIST_FILE = YES;
				INFOPLIST_FILE = MangaLauncher/Info.plist;
				INFOPLIST_KEY_CFBundleDisplayName = "マンガ曜日";
				INFOPLIST_KEY_UIApplicationSceneManifest_Generation = YES;
				INFOPLIST_KEY_UIApplicationSupportsIndirectInputEvents = YES;
				INFOPLIST_KEY_UILaunchScreen_Generation = YES;
				INFOPLIST_KEY_UISupportedInterfaceOrientations_iPad = "UIInterfaceOrientationPortrait UIInterfaceOrientationPortraitUpsideDown UIInterfaceOrientationLandscapeLeft UIInterfaceOrientationLandscapeRight";
				INFOPLIST_KEY_UISupportedInterfaceOrientations_iPhone = "UIInterfaceOrientationPortrait UIInterfaceOrientationLandscapeLeft UIInterfaceOrientationLandscapeRight";
				IPHONEOS_DEPLOYMENT_TARGET = 26.0;
				LD_RUNPATH_SEARCH_PATHS = (
					"$(inherited)",
					"@executable_path/Frameworks",
				);
				MARKETING_VERSION = 1.1;
				PRODUCT_BUNDLE_IDENTIFIER = "com.mh-mobile.MangaYoubi";
				PRODUCT_NAME = "$(TARGET_NAME)";
				SUPPORTED_PLATFORMS = "iphoneos iphonesimulator";
				SUPPORTS_MACCATALYST = NO;
				SWIFT_EMIT_LOC_STRINGS = YES;
				SWIFT_VERSION = 5.0;
				TARGETED_DEVICE_FAMILY = "1,2";
				XROS_DEPLOYMENT_TARGET = 26.0;
			};
			name = Release;
		};
		E6A5577DC48883C5B9556E0F /* Release */ = {
			isa = XCBuildConfiguration;
			buildSettings = {
				CLANG_ENABLE_OBJC_WEAK = NO;
				CODE_SIGN_ENTITLEMENTS = MangaShareExtension/MangaShareExtension.entitlements;
				CURRENT_PROJECT_VERSION = 2;
				DEVELOPMENT_TEAM = 5XJ8CR95CK;
				GENERATE_INFOPLIST_FILE = YES;
				INFOPLIST_FILE = MangaShareExtension/Info.plist;
				INFOPLIST_KEY_CFBundleDisplayName = "マンガ曜日に追加";
				IPHONEOS_DEPLOYMENT_TARGET = 26.0;
				LD_RUNPATH_SEARCH_PATHS = (
					"$(inherited)",
					"@executable_path/Frameworks",
					"@executable_path/../../Frameworks",
				);
				MARKETING_VERSION = 1.1;
				PRODUCT_BUNDLE_IDENTIFIER = "com.mh-mobile.MangaYoubi.ShareExtension";
				PRODUCT_NAME = "$(TARGET_NAME)";
				SDKROOT = iphoneos;
				SKIP_INSTALL = YES;
				SWIFT_VERSION = 5.0;
				VALIDATE_PRODUCT = YES;
			};
			name = Release;
		};
/* End XCBuildConfiguration section */

/* Begin XCConfigurationList section */
		A8000001 /* Build configuration list for PBXProject "MangaLauncher" */ = {
			isa = XCConfigurationList;
			buildConfigurations = (
				A8000011 /* Debug */,
				A8000012 /* Release */,
			);
			defaultConfigurationIsVisible = 0;
			defaultConfigurationName = Release;
		};
		A8000003 /* Build configuration list for PBXNativeTarget "MangaLauncher" */ = {
			isa = XCConfigurationList;
			buildConfigurations = (
				A8000021 /* Debug */,
				A8000022 /* Release */,
			);
			defaultConfigurationIsVisible = 0;
			defaultConfigurationName = Release;
		};
		C492A5A9C7215F7D6BA27D3C /* Build configuration list for PBXNativeTarget "MangaWidgetExtension" */ = {
			isa = XCConfigurationList;
			buildConfigurations = (
				4C3CE3D01E543D77F45B0028 /* Release */,
				8B2A5BDF846A85B09DC9BF42 /* Debug */,
			);
			defaultConfigurationIsVisible = 0;
			defaultConfigurationName = Release;
		};
		FE8463329D1070F2E155C21B /* Build configuration list for PBXNativeTarget "MangaShareExtension" */ = {
			isa = XCConfigurationList;
			buildConfigurations = (
				E6A5577DC48883C5B9556E0F /* Release */,
				7B7F266E08FAC90BAC1C1817 /* Debug */,
			);
			defaultConfigurationIsVisible = 0;
			defaultConfigurationName = Release;
		};
/* End XCConfigurationList section */
	};
	rootObject = A9000001 /* Project object */;
}
